# This file is automatically @generated by Poetry 1.6.1 and should not be changed by hand.

[[package]]
name = "anyio"
version = "3.7.1"
description = "High level compatibility layer for multiple asynchronous event loop implementations"
optional = false
python-versions = ">=3.7"
files = [
    {file = "anyio-3.7.1-py3-none-any.whl", hash = "sha256:91dee416e570e92c64041bd18b900d1d6fa78dff7048769ce5ac5ddad004fbb5"},
    {file = "anyio-3.7.1.tar.gz", hash = "sha256:44a3c9aba0f5defa43261a8b3efb97891f2bd7d804e0e1f56419befa1adfc780"},
]

[package.dependencies]
exceptiongroup = {version = "*", markers = "python_version < \"3.11\""}
idna = ">=2.8"
sniffio = ">=1.1"

[package.extras]
doc = ["Sphinx", "packaging", "sphinx-autodoc-typehints (>=1.2.0)", "sphinx-rtd-theme (>=1.2.2)", "sphinxcontrib-jquery"]
test = ["anyio[trio]", "coverage[toml] (>=4.5)", "hypothesis (>=4.0)", "mock (>=4)", "psutil (>=5.9)", "pytest (>=7.0)", "pytest-mock (>=3.6.1)", "trustme", "uvloop (>=0.17)"]
trio = ["trio (<0.22)"]

[[package]]
name = "cfgv"
version = "3.4.0"
description = "Validate configuration and produce human readable error messages."
optional = false
python-versions = ">=3.8"
files = [
    {file = "cfgv-3.4.0-py2.py3-none-any.whl", hash = "sha256:b7265b1f29fd3316bfcd2b330d63d024f2bfd8bcb8b0272f8e19a504856c48f9"},
    {file = "cfgv-3.4.0.tar.gz", hash = "sha256:e52591d4c5f5dead8e0f673fb16db7949d2cfb3f7da4582893288f0ded8fe560"},
]

[[package]]
name = "click"
version = "8.1.7"
description = "Composable command line interface toolkit"
optional = false
python-versions = ">=3.7"
files = [
    {file = "click-8.1.7-py3-none-any.whl", hash = "sha256:ae74fb96c20a0277a1d615f1e4d73c8414f5a98db8b799a7931d1582f3390c28"},
    {file = "click-8.1.7.tar.gz", hash = "sha256:ca9853ad459e787e2192211578cc907e7594e294c7ccc834310722b41b9ca6de"},
]

[package.dependencies]
colorama = {version = "*", markers = "platform_system == \"Windows\""}

[[package]]
name = "colorama"
version = "0.4.6"
description = "Cross-platform colored terminal text."
optional = false
python-versions = "!=3.0.*,!=3.1.*,!=3.2.*,!=3.3.*,!=3.4.*,!=3.5.*,!=3.6.*,>=2.7"
files = [
    {file = "colorama-0.4.6-py2.py3-none-any.whl", hash = "sha256:4f1d9991f5acc0ca119f9d443620b77f9d6b33703e51011c16baf57afb285fc6"},
    {file = "colorama-0.4.6.tar.gz", hash = "sha256:08695f5cb7ed6e0531a20572697297273c47b8cae5a63ffc6d6ed5c201be6e44"},
]

[[package]]
name = "distlib"
version = "0.3.7"
description = "Distribution utilities"
optional = false
python-versions = "*"
files = [
    {file = "distlib-0.3.7-py2.py3-none-any.whl", hash = "sha256:2e24928bc811348f0feb63014e97aaae3037f2cf48712d51ae61df7fd6075057"},
    {file = "distlib-0.3.7.tar.gz", hash = "sha256:9dafe54b34a028eafd95039d5e5d4851a13734540f1331060d31c9916e7147a8"},
]

[[package]]
name = "exceptiongroup"
version = "1.1.3"
description = "Backport of PEP 654 (exception groups)"
optional = false
python-versions = ">=3.7"
files = [
    {file = "exceptiongroup-1.1.3-py3-none-any.whl", hash = "sha256:343280667a4585d195ca1cf9cef84a4e178c4b6cf2274caef9859782b567d5e3"},
    {file = "exceptiongroup-1.1.3.tar.gz", hash = "sha256:097acd85d473d75af5bb98e41b61ff7fe35efe6675e4f9370ec6ec5126d160e9"},
]

[package.extras]
test = ["pytest (>=6)"]

[[package]]
name = "filelock"
version = "3.12.4"
description = "A platform independent file lock."
optional = false
python-versions = ">=3.8"
files = [
    {file = "filelock-3.12.4-py3-none-any.whl", hash = "sha256:08c21d87ded6e2b9da6728c3dff51baf1dcecf973b768ef35bcbc3447edb9ad4"},
    {file = "filelock-3.12.4.tar.gz", hash = "sha256:2e6f249f1f3654291606e046b09f1fd5eac39b360664c27f5aad072012f8bcbd"},
]

[package.extras]
docs = ["furo (>=2023.7.26)", "sphinx (>=7.1.2)", "sphinx-autodoc-typehints (>=1.24)"]
testing = ["covdefaults (>=2.3)", "coverage (>=7.3)", "diff-cover (>=7.7)", "pytest (>=7.4)", "pytest-cov (>=4.1)", "pytest-mock (>=3.11.1)", "pytest-timeout (>=2.1)"]
typing = ["typing-extensions (>=4.7.1)"]

[[package]]
name = "identify"
version = "2.5.29"
description = "File identification library for Python"
optional = false
python-versions = ">=3.8"
files = [
    {file = "identify-2.5.29-py2.py3-none-any.whl", hash = "sha256:24437fbf6f4d3fe6efd0eb9d67e24dd9106db99af5ceb27996a5f7895f24bf1b"},
    {file = "identify-2.5.29.tar.gz", hash = "sha256:d43d52b86b15918c137e3a74fff5224f60385cd0e9c38e99d07c257f02f151a5"},
]

[package.extras]
license = ["ukkonen"]

[[package]]
name = "idna"
version = "3.4"
description = "Internationalized Domain Names in Applications (IDNA)"
optional = false
python-versions = ">=3.5"
files = [
    {file = "idna-3.4-py3-none-any.whl", hash = "sha256:90b77e79eaa3eba6de819a0c442c0b4ceefc341a7a2ab77d7562bf49f425c5c2"},
    {file = "idna-3.4.tar.gz", hash = "sha256:814f528e8dead7d329833b91c5faa87d60bf71824cd12a7530b5526063d02cb4"},
]

[[package]]
name = "importlib-metadata"
version = "6.8.0"
description = "Read metadata from Python packages"
optional = false
python-versions = ">=3.8"
files = [
    {file = "importlib_metadata-6.8.0-py3-none-any.whl", hash = "sha256:3ebb78df84a805d7698245025b975d9d67053cd94c79245ba4b3eb694abe68bb"},
    {file = "importlib_metadata-6.8.0.tar.gz", hash = "sha256:dbace7892d8c0c4ac1ad096662232f831d4e64f4c4545bd53016a3e9d4654743"},
]

[package.dependencies]
zipp = ">=0.5"

[package.extras]
docs = ["furo", "jaraco.packaging (>=9)", "jaraco.tidelift (>=1.4)", "rst.linker (>=1.9)", "sphinx (>=3.5)", "sphinx-lint"]
perf = ["ipython"]
testing = ["flufl.flake8", "importlib-resources (>=1.3)", "packaging", "pyfakefs", "pytest (>=6)", "pytest-black (>=0.3.7)", "pytest-checkdocs (>=2.4)", "pytest-cov", "pytest-enabler (>=2.2)", "pytest-mypy (>=0.9.1)", "pytest-perf (>=0.9.2)", "pytest-ruff"]

[[package]]
name = "iniconfig"
version = "2.0.0"
description = "brain-dead simple config-ini parsing"
optional = false
python-versions = ">=3.7"
files = [
    {file = "iniconfig-2.0.0-py3-none-any.whl", hash = "sha256:b6a85871a79d2e3b22d2d1b94ac2824226a63c6b741c88f7ae975f18b6778374"},
    {file = "iniconfig-2.0.0.tar.gz", hash = "sha256:2d91e135bf72d31a410b17c16da610a82cb55f6b0477d1a902134b24a455b8b3"},
]

[[package]]
name = "libcst"
version = "1.0.1"
description = "A concrete syntax tree with AST-like properties for Python 3.5, 3.6, 3.7, 3.8, 3.9, and 3.10 programs."
optional = false
python-versions = ">=3.7"
files = [
    {file = "libcst-1.0.1-cp310-cp310-macosx_10_9_x86_64.whl", hash = "sha256:80423311f09fc5fc3270ede44d30d9d8d3c2d3dd50dbf703a581ca7346949fa6"},
    {file = "libcst-1.0.1-cp310-cp310-macosx_11_0_arm64.whl", hash = "sha256:9d6dec2a3c443792e6af7c36fadc256e4ea586214c76b52f0d18118811dbe351"},
    {file = "libcst-1.0.1-cp310-cp310-manylinux_2_17_aarch64.manylinux2014_aarch64.whl", hash = "sha256:4840a3de701778f0a19582bb3085c61591329153f801dc25da84689a3733960b"},
    {file = "libcst-1.0.1-cp310-cp310-manylinux_2_17_x86_64.manylinux2014_x86_64.whl", hash = "sha256:0138068baf09561268c7f079373bda45f0e2b606d2d19df1307ca8a5134fc465"},
    {file = "libcst-1.0.1-cp310-cp310-manylinux_2_5_i686.manylinux1_i686.manylinux_2_17_i686.manylinux2014_i686.whl", hash = "sha256:9a4931feceab171e6fce73de94e13880424367247dad6ff2b49cabfec733e144"},
    {file = "libcst-1.0.1-cp310-cp310-win_amd64.whl", hash = "sha256:47dba43855e9c7b06d8b256ee81f0ebec6a4f43605456519577e09dfe4b4288c"},
    {file = "libcst-1.0.1-cp311-cp311-macosx_10_9_x86_64.whl", hash = "sha256:8c50541c3fd6b1d5a3765c4bb5ee8ecbba9d0e798e48f79fd5adf3b6752de4d0"},
    {file = "libcst-1.0.1-cp311-cp311-macosx_11_0_arm64.whl", hash = "sha256:5599166d5fec40e18601fb8868519dde99f77b6e4ad6074958018f9545da7abd"},
    {file = "libcst-1.0.1-cp311-cp311-manylinux_2_17_aarch64.manylinux2014_aarch64.whl", hash = "sha256:600c4d3a9a2f75d5a055fed713a5a4d812709947909610aa6527abe08a31896f"},
    {file = "libcst-1.0.1-cp311-cp311-manylinux_2_17_x86_64.manylinux2014_x86_64.whl", hash = "sha256:a6b5aea04c35e13109edad3cf83bc6dcd74309b150a781d2189eecb288b73a87"},
    {file = "libcst-1.0.1-cp311-cp311-manylinux_2_5_i686.manylinux1_i686.manylinux_2_17_i686.manylinux2014_i686.whl", hash = "sha256:ddd4e0eeec499d1c824ab545e62e957dbbd69a16bc4273208817638eb7d6b3c6"},
    {file = "libcst-1.0.1-cp311-cp311-win_amd64.whl", hash = "sha256:414350df5e334ddf0db1732d63da44e81b734d45abe1c597b5e5c0dd46aa4156"},
    {file = "libcst-1.0.1-cp37-cp37m-macosx_10_9_x86_64.whl", hash = "sha256:1adcfa7cafb6a0d39a1a0bec541355608038b45815e0c5019c95f91921d42884"},
    {file = "libcst-1.0.1-cp37-cp37m-manylinux_2_17_aarch64.manylinux2014_aarch64.whl", hash = "sha256:8d31ce2790eab59c1bd8e33fe72d09cfc78635c145bdc3f08296b360abb5f443"},
    {file = "libcst-1.0.1-cp37-cp37m-manylinux_2_17_x86_64.manylinux2014_x86_64.whl", hash = "sha256:f2cb687e1514625e91024e50a5d2e485c0ad3be24f199874ebf32b5de0346150"},
    {file = "libcst-1.0.1-cp37-cp37m-manylinux_2_5_i686.manylinux1_i686.manylinux_2_17_i686.manylinux2014_i686.whl", hash = "sha256:6caa33430c0c7a0fcad921b0deeec61ddb96796b6f88dca94966f6db62065f4f"},
    {file = "libcst-1.0.1-cp37-cp37m-win_amd64.whl", hash = "sha256:b97f652b15c50e91df411a9c8d5e6f75882b30743a49b387dcedd3f68ed94d75"},
    {file = "libcst-1.0.1-cp38-cp38-macosx_10_9_x86_64.whl", hash = "sha256:967c66fabd52102954207bf1541312b467afc210fdf7033f32da992fb6c2372c"},
    {file = "libcst-1.0.1-cp38-cp38-macosx_11_0_arm64.whl", hash = "sha256:b666a605f4205c8357696f3b6571a38f6a8537cdcbb8f357587d35168298af34"},
    {file = "libcst-1.0.1-cp38-cp38-manylinux_2_17_aarch64.manylinux2014_aarch64.whl", hash = "sha256:ae49dcbfadefb82e830d41d9f0a1db0af3b771224768f431f1b7b3a9803ed7e3"},
    {file = "libcst-1.0.1-cp38-cp38-manylinux_2_17_x86_64.manylinux2014_x86_64.whl", hash = "sha256:c90c74a8a314f0774f045122323fb60bacba79cbf5f71883c0848ecd67179541"},
    {file = "libcst-1.0.1-cp38-cp38-manylinux_2_5_i686.manylinux1_i686.manylinux_2_17_i686.manylinux2014_i686.whl", hash = "sha256:b0533de4e35396c61aeb3a6266ac30369a855910c2385aaa902ff4aabd60d409"},
    {file = "libcst-1.0.1-cp38-cp38-win_amd64.whl", hash = "sha256:5e3293e77657ba62533553bb9f0c5fb173780e164c65db1ea2a3e0d03944a284"},
    {file = "libcst-1.0.1-cp39-cp39-macosx_10_9_x86_64.whl", hash = "sha256:119ba709f1dcb785a4458cf36cedb51d6f9cb2eec0acd7bb171f730eac7cb6ce"},
    {file = "libcst-1.0.1-cp39-cp39-macosx_11_0_arm64.whl", hash = "sha256:4b4e336f6d68456017671cdda8ddebf9caebce8052cc21a3f494b03d7bd28386"},
    {file = "libcst-1.0.1-cp39-cp39-manylinux_2_17_aarch64.manylinux2014_aarch64.whl", hash = "sha256:8420926791b0b6206cb831a7ec73d26ae820e65bdf07ce9813c7754c7722c07a"},
    {file = "libcst-1.0.1-cp39-cp39-manylinux_2_17_x86_64.manylinux2014_x86_64.whl", hash = "sha256:d237e9164a43caa7d6765ee560412264484e7620c546a2ee10a8d01bd56884e0"},
    {file = "libcst-1.0.1-cp39-cp39-manylinux_2_5_i686.manylinux1_i686.manylinux_2_17_i686.manylinux2014_i686.whl", hash = "sha256:440887e5f82efb299f2e98d4bfa5663851a878cfc0efed652ab8c50205191436"},
    {file = "libcst-1.0.1-cp39-cp39-win_amd64.whl", hash = "sha256:ae7f4e71d714f256b5f2ff98b5a9effba0f9dff4d779d8f35d7eb157bef78f59"},
    {file = "libcst-1.0.1.tar.gz", hash = "sha256:37187337f979ba426d8bfefc08008c3c1b09b9e9f9387050804ed2da88107570"},
]

[package.dependencies]
pyyaml = ">=5.2"
typing-extensions = ">=3.7.4.2"
typing-inspect = ">=0.4.0"

[package.extras]
dev = ["Sphinx (>=5.1.1)", "black (==23.3.0)", "build (>=0.10.0)", "coverage (>=4.5.4)", "fixit (==0.1.1)", "flake8 (>=3.7.8,<5)", "hypothesis (>=4.36.0)", "hypothesmith (>=0.0.4)", "jinja2 (==3.1.2)", "jupyter (>=1.0.0)", "maturin (>=0.8.3,<0.16)", "nbsphinx (>=0.4.2)", "prompt-toolkit (>=2.0.9)", "pyre-check (==0.9.10)", "setuptools-rust (>=1.5.2)", "setuptools-scm (>=6.0.1)", "slotscheck (>=0.7.1)", "sphinx-rtd-theme (>=0.4.3)", "ufmt (==2.1.0)", "usort (==1.0.7)"]

[[package]]
name = "markdown-it-py"
version = "3.0.0"
description = "Python port of markdown-it. Markdown parsing, done right!"
optional = false
python-versions = ">=3.8"
files = [
    {file = "markdown-it-py-3.0.0.tar.gz", hash = "sha256:e3f60a94fa066dc52ec76661e37c851cb232d92f9886b15cb560aaada2df8feb"},
    {file = "markdown_it_py-3.0.0-py3-none-any.whl", hash = "sha256:355216845c60bd96232cd8d8c40e8f9765cc86f46880e43a8fd22dc1a1a8cab1"},
]

[package.dependencies]
mdurl = ">=0.1,<1.0"

[package.extras]
benchmarking = ["psutil", "pytest", "pytest-benchmark"]
code-style = ["pre-commit (>=3.0,<4.0)"]
compare = ["commonmark (>=0.9,<1.0)", "markdown (>=3.4,<4.0)", "mistletoe (>=1.0,<2.0)", "mistune (>=2.0,<3.0)", "panflute (>=2.3,<3.0)"]
linkify = ["linkify-it-py (>=1,<3)"]
plugins = ["mdit-py-plugins"]
profiling = ["gprof2dot"]
rtd = ["jupyter_sphinx", "mdit-py-plugins", "myst-parser", "pyyaml", "sphinx", "sphinx-copybutton", "sphinx-design", "sphinx_book_theme"]
testing = ["coverage", "pytest", "pytest-cov", "pytest-regressions"]

[[package]]
name = "mdurl"
version = "0.1.2"
description = "Markdown URL utilities"
optional = false
python-versions = ">=3.7"
files = [
    {file = "mdurl-0.1.2-py3-none-any.whl", hash = "sha256:84008a41e51615a49fc9966191ff91509e3c40b939176e643fd50a5c2196b8f8"},
    {file = "mdurl-0.1.2.tar.gz", hash = "sha256:bb413d29f5eea38f31dd4754dd7377d4465116fb207585f97bf925588687c1ba"},
]

[[package]]
name = "msgspec"
version = "0.17.0"
description = "A fast serialization and validation library, with builtin support for JSON, MessagePack, YAML, and TOML."
optional = false
python-versions = ">=3.8"
files = [
    {file = "msgspec-0.17.0-cp310-cp310-macosx_10_9_x86_64.whl", hash = "sha256:c7bb4fa0021198cc87ece9fd4cbaa7241782f6c1d7b4fab71bb59c30e83c95c8"},
    {file = "msgspec-0.17.0-cp310-cp310-macosx_11_0_arm64.whl", hash = "sha256:7ab367dd0b8a8c989d295e8ef086305e41a3c73fa3208322da4826f04e24b3c5"},
    {file = "msgspec-0.17.0-cp310-cp310-manylinux_2_17_aarch64.manylinux2014_aarch64.whl", hash = "sha256:cccef9b4216c28f470855540d2649cbcf9eefd74c17984259ed3cbbaaa818c5d"},
    {file = "msgspec-0.17.0-cp310-cp310-manylinux_2_17_x86_64.manylinux2014_x86_64.whl", hash = "sha256:9fb9f68ae2068a96b29d92cc4d142440e616b0a077b53a68b3445c62a2f31edc"},
    {file = "msgspec-0.17.0-cp310-cp310-musllinux_1_1_aarch64.whl", hash = "sha256:3adc3f4016aa5ea1bd51c8d5c2a38172f1965dd231e03defed04ff2a0effb361"},
    {file = "msgspec-0.17.0-cp310-cp310-musllinux_1_1_x86_64.whl", hash = "sha256:98995159d95b4ed65c8cc185bd877fec67f41cb23925237a82efb066ef778fa8"},
    {file = "msgspec-0.17.0-cp310-cp310-win_amd64.whl", hash = "sha256:7e7e016cd79dc12935b6f5e8ff358ea5908cb84756c84a9fa2f3d8e5405740f3"},
    {file = "msgspec-0.17.0-cp311-cp311-macosx_10_9_x86_64.whl", hash = "sha256:c1a0c8390014ee2b65d0d36d9cc28e74092166e8f44adf3dcb85e1ef25933787"},
    {file = "msgspec-0.17.0-cp311-cp311-macosx_11_0_arm64.whl", hash = "sha256:f8096ca82e9a3e6fa09106bfac27eb8296c4cead02fdd297bb8af87254e58bad"},
    {file = "msgspec-0.17.0-cp311-cp311-manylinux_2_17_aarch64.manylinux2014_aarch64.whl", hash = "sha256:025986a5b1fd81c3dd1bb591bbc01ac03844b57685fcf4a14ed07ae1967b6d03"},
    {file = "msgspec-0.17.0-cp311-cp311-manylinux_2_17_x86_64.manylinux2014_x86_64.whl", hash = "sha256:4b0c52118aec347d15f75354b2fa27f1c9cd29b6ec12b74ef2ef988a0d702f5d"},
    {file = "msgspec-0.17.0-cp311-cp311-musllinux_1_1_aarch64.whl", hash = "sha256:86ca5710174970d9aeefc2ced4fcc4a27f5ff065840356cf1c747399aa4ad5a8"},
    {file = "msgspec-0.17.0-cp311-cp311-musllinux_1_1_x86_64.whl", hash = "sha256:3d39dc3a44a479f35afcc21d97c4ea90a385afee0b766c7780ca2bda99480e3c"},
    {file = "msgspec-0.17.0-cp311-cp311-win_amd64.whl", hash = "sha256:79c3ab0bac7dd6492f6c03e347f0e9e5187d9658b8e7c85fdc96dd4820de970b"},
    {file = "msgspec-0.17.0-cp38-cp38-macosx_10_9_x86_64.whl", hash = "sha256:832e841d17bc2b4d74eee6aa16c818074cc9104c9a79466dbd49162600af8e9b"},
    {file = "msgspec-0.17.0-cp38-cp38-macosx_11_0_arm64.whl", hash = "sha256:80021321fea9be9e03c7675f6bdce06d9c91dbfb4aec78044cd243491ed49fa9"},
    {file = "msgspec-0.17.0-cp38-cp38-manylinux_2_17_aarch64.manylinux2014_aarch64.whl", hash = "sha256:51aec8ae03348525749f4eff4ed59fc7369383877ad65e0f00de3e357c4ecfa6"},
    {file = "msgspec-0.17.0-cp38-cp38-manylinux_2_17_x86_64.manylinux2014_x86_64.whl", hash = "sha256:93fcff4e7923050cbfb3be8b4763a95862c3bf35d198684f3ebc3c486a1f66a5"},
    {file = "msgspec-0.17.0-cp38-cp38-musllinux_1_1_aarch64.whl", hash = "sha256:396908a124f633c3e267ec01b5bffdbefd592b15ddfda63c1af798e0102c35c8"},
    {file = "msgspec-0.17.0-cp38-cp38-musllinux_1_1_x86_64.whl", hash = "sha256:23581f8c1ffa488c2c3c78359868ee408528dad5e02af94e87e8d4773d118399"},
    {file = "msgspec-0.17.0-cp38-cp38-win_amd64.whl", hash = "sha256:bc3f9fbb3d127a0c9734d43870b565a809c1fe2a0913d04170fa1222dfb131dc"},
    {file = "msgspec-0.17.0-cp39-cp39-macosx_10_9_x86_64.whl", hash = "sha256:556413e59a8017c12a177218b3d3c16bb7217dc0371853b61e4c98df19515088"},
    {file = "msgspec-0.17.0-cp39-cp39-macosx_11_0_arm64.whl", hash = "sha256:de90a979e48e95ab6175a59f3f256a88984ff599edd5d3948993dfd6ecff83d0"},
    {file = "msgspec-0.17.0-cp39-cp39-manylinux_2_17_aarch64.manylinux2014_aarch64.whl", hash = "sha256:ce2a7da8669887b17bed92d3143aa0cc936fabdadcdd43c9ed09cfaca71a2fc5"},
    {file = "msgspec-0.17.0-cp39-cp39-manylinux_2_17_x86_64.manylinux2014_x86_64.whl", hash = "sha256:0aded9cd083d3a966610b6b01787106fa6aab495486420163a7b872704767da0"},
    {file = "msgspec-0.17.0-cp39-cp39-musllinux_1_1_aarch64.whl", hash = "sha256:b5e49b9a302acee0808466b1af31c675d7cf8fd5ee78874109b5a44cb40c67e8"},
    {file = "msgspec-0.17.0-cp39-cp39-musllinux_1_1_x86_64.whl", hash = "sha256:59ab1e250a84516413dee3542ff2b43f46fe521adfdc01e628198ce94553ff1e"},
    {file = "msgspec-0.17.0-cp39-cp39-win_amd64.whl", hash = "sha256:5f1b7c9d9f41b8c7724dc206aadbbe84d1641d20a1ff6dab04f0caf2a5bfd438"},
    {file = "msgspec-0.17.0.tar.gz", hash = "sha256:4e2f2faeeb7aef5c2e4c78e375443134238ee966e54bba75cdb1936939673da7"},
]

[package.extras]
dev = ["attrs", "coverage", "furo", "gcovr", "ipython", "msgpack", "mypy", "pre-commit", "pyright", "pytest", "pyyaml", "sphinx", "sphinx-copybutton", "sphinx-design", "tomli", "tomli-w"]
doc = ["furo", "ipython", "sphinx", "sphinx-copybutton", "sphinx-design"]
test = ["attrs", "msgpack", "mypy", "pyright", "pytest", "pyyaml", "tomli", "tomli-w"]
toml = ["tomli", "tomli-w"]
yaml = ["pyyaml"]

[[package]]
name = "mypy-extensions"
version = "1.0.0"
description = "Type system extensions for programs checked with the mypy type checker."
optional = false
python-versions = ">=3.5"
files = [
    {file = "mypy_extensions-1.0.0-py3-none-any.whl", hash = "sha256:4392f6c0eb8a5668a69e23d168ffa70f0be9ccfd32b5cc2d26a34ae5b844552d"},
    {file = "mypy_extensions-1.0.0.tar.gz", hash = "sha256:75dbf8955dc00442a438fc4d0666508a9a97b6bd41aa2f0ffe9d2f2725af0782"},
]

[[package]]
name = "nodeenv"
version = "1.8.0"
description = "Node.js virtual environment builder"
optional = false
python-versions = ">=2.7,!=3.0.*,!=3.1.*,!=3.2.*,!=3.3.*,!=3.4.*,!=3.5.*,!=3.6.*"
files = [
    {file = "nodeenv-1.8.0-py2.py3-none-any.whl", hash = "sha256:df865724bb3c3adc86b3876fa209771517b0cfe596beff01a92700e0e8be4cec"},
    {file = "nodeenv-1.8.0.tar.gz", hash = "sha256:d51e0c37e64fbf47d017feac3145cdbb58836d7eee8c6f6d3b6880c5456227d2"},
]

[package.dependencies]
setuptools = "*"

[[package]]
name = "packaging"
version = "23.1"
description = "Core utilities for Python packages"
optional = false
python-versions = ">=3.7"
files = [
    {file = "packaging-23.1-py3-none-any.whl", hash = "sha256:994793af429502c4ea2ebf6bf664629d07c1a9fe974af92966e4b8d2df7edc61"},
    {file = "packaging-23.1.tar.gz", hash = "sha256:a392980d2b6cffa644431898be54b0045151319d1e7ec34f0cfed48767dd334f"},
]

[[package]]
name = "platformdirs"
version = "3.10.0"
description = "A small Python package for determining appropriate platform-specific dirs, e.g. a \"user data dir\"."
optional = false
python-versions = ">=3.7"
files = [
    {file = "platformdirs-3.10.0-py3-none-any.whl", hash = "sha256:d7c24979f292f916dc9cbf8648319032f551ea8c49a4c9bf2fb556a02070ec1d"},
    {file = "platformdirs-3.10.0.tar.gz", hash = "sha256:b45696dab2d7cc691a3226759c0d3b00c47c8b6e293d96f6436f733303f77f6d"},
]

[package.extras]
docs = ["furo (>=2023.7.26)", "proselint (>=0.13)", "sphinx (>=7.1.1)", "sphinx-autodoc-typehints (>=1.24)"]
test = ["appdirs (==1.4.4)", "covdefaults (>=2.3)", "pytest (>=7.4)", "pytest-cov (>=4.1)", "pytest-mock (>=3.11.1)"]

[[package]]
name = "pluggy"
version = "1.3.0"
description = "plugin and hook calling mechanisms for python"
optional = false
python-versions = ">=3.8"
files = [
    {file = "pluggy-1.3.0-py3-none-any.whl", hash = "sha256:d89c696a773f8bd377d18e5ecda92b7a3793cbe66c87060a6fb58c7b6e1061f7"},
    {file = "pluggy-1.3.0.tar.gz", hash = "sha256:cf61ae8f126ac6f7c451172cf30e3e43d3ca77615509771b3a984a0730651e12"},
]

[package.extras]
dev = ["pre-commit", "tox"]
testing = ["pytest", "pytest-benchmark"]

[[package]]
name = "pre-commit"
version = "3.4.0"
description = "A framework for managing and maintaining multi-language pre-commit hooks."
optional = false
python-versions = ">=3.8"
files = [
    {file = "pre_commit-3.4.0-py2.py3-none-any.whl", hash = "sha256:96d529a951f8b677f730a7212442027e8ba53f9b04d217c4c67dc56c393ad945"},
    {file = "pre_commit-3.4.0.tar.gz", hash = "sha256:6bbd5129a64cad4c0dfaeeb12cd8f7ea7e15b77028d985341478c8af3c759522"},
]

[package.dependencies]
cfgv = ">=2.0.0"
identify = ">=1.0.0"
nodeenv = ">=0.11.1"
pyyaml = ">=5.1"
virtualenv = ">=20.10.0"

[[package]]
name = "pygments"
version = "2.16.1"
description = "Pygments is a syntax highlighting package written in Python."
optional = false
python-versions = ">=3.7"
files = [
    {file = "Pygments-2.16.1-py3-none-any.whl", hash = "sha256:13fc09fa63bc8d8671a6d247e1eb303c4b343eaee81d861f3404db2935653692"},
    {file = "Pygments-2.16.1.tar.gz", hash = "sha256:1daff0494820c69bc8941e407aa20f577374ee88364ee10a98fdbe0aece96e29"},
]

[package.extras]
plugins = ["importlib-metadata"]

[[package]]
name = "pytest"
version = "7.4.2"
description = "pytest: simple powerful testing with Python"
optional = false
python-versions = ">=3.7"
files = [
    {file = "pytest-7.4.2-py3-none-any.whl", hash = "sha256:1d881c6124e08ff0a1bb75ba3ec0bfd8b5354a01c194ddd5a0a870a48d99b002"},
    {file = "pytest-7.4.2.tar.gz", hash = "sha256:a766259cfab564a2ad52cb1aae1b881a75c3eb7e34ca3779697c23ed47c47069"},
]

[package.dependencies]
colorama = {version = "*", markers = "sys_platform == \"win32\""}
exceptiongroup = {version = ">=1.0.0rc8", markers = "python_version < \"3.11\""}
iniconfig = "*"
packaging = "*"
pluggy = ">=0.12,<2.0"
tomli = {version = ">=1.0.0", markers = "python_version < \"3.11\""}

[package.extras]
testing = ["argcomplete", "attrs (>=19.2.0)", "hypothesis (>=3.56)", "mock", "nose", "pygments (>=2.7.2)", "requests", "setuptools", "xmlschema"]

[[package]]
name = "pytest-mock"
version = "3.11.1"
description = "Thin-wrapper around the mock package for easier use with pytest"
optional = false
python-versions = ">=3.7"
files = [
    {file = "pytest-mock-3.11.1.tar.gz", hash = "sha256:7f6b125602ac6d743e523ae0bfa71e1a697a2f5534064528c6ff84c2f7c2fc7f"},
    {file = "pytest_mock-3.11.1-py3-none-any.whl", hash = "sha256:21c279fff83d70763b05f8874cc9cfb3fcacd6d354247a976f9529d19f9acf39"},
]

[package.dependencies]
pytest = ">=5.0"

[package.extras]
dev = ["pre-commit", "pytest-asyncio", "tox"]

[[package]]
name = "pyyaml"
version = "6.0.1"
description = "YAML parser and emitter for Python"
optional = false
python-versions = ">=3.6"
files = [
    {file = "PyYAML-6.0.1-cp310-cp310-macosx_10_9_x86_64.whl", hash = "sha256:d858aa552c999bc8a8d57426ed01e40bef403cd8ccdd0fc5f6f04a00414cac2a"},
    {file = "PyYAML-6.0.1-cp310-cp310-macosx_11_0_arm64.whl", hash = "sha256:fd66fc5d0da6d9815ba2cebeb4205f95818ff4b79c3ebe268e75d961704af52f"},
    {file = "PyYAML-6.0.1-cp310-cp310-manylinux_2_17_aarch64.manylinux2014_aarch64.whl", hash = "sha256:69b023b2b4daa7548bcfbd4aa3da05b3a74b772db9e23b982788168117739938"},
    {file = "PyYAML-6.0.1-cp310-cp310-manylinux_2_17_s390x.manylinux2014_s390x.whl", hash = "sha256:81e0b275a9ecc9c0c0c07b4b90ba548307583c125f54d5b6946cfee6360c733d"},
    {file = "PyYAML-6.0.1-cp310-cp310-manylinux_2_17_x86_64.manylinux2014_x86_64.whl", hash = "sha256:ba336e390cd8e4d1739f42dfe9bb83a3cc2e80f567d8805e11b46f4a943f5515"},
    {file = "PyYAML-6.0.1-cp310-cp310-win32.whl", hash = "sha256:bd4af7373a854424dabd882decdc5579653d7868b8fb26dc7d0e99f823aa5924"},
    {file = "PyYAML-6.0.1-cp310-cp310-win_amd64.whl", hash = "sha256:fd1592b3fdf65fff2ad0004b5e363300ef59ced41c2e6b3a99d4089fa8c5435d"},
    {file = "PyYAML-6.0.1-cp311-cp311-macosx_10_9_x86_64.whl", hash = "sha256:6965a7bc3cf88e5a1c3bd2e0b5c22f8d677dc88a455344035f03399034eb3007"},
    {file = "PyYAML-6.0.1-cp311-cp311-macosx_11_0_arm64.whl", hash = "sha256:f003ed9ad21d6a4713f0a9b5a7a0a79e08dd0f221aff4525a2be4c346ee60aab"},
    {file = "PyYAML-6.0.1-cp311-cp311-manylinux_2_17_aarch64.manylinux2014_aarch64.whl", hash = "sha256:42f8152b8dbc4fe7d96729ec2b99c7097d656dc1213a3229ca5383f973a5ed6d"},
    {file = "PyYAML-6.0.1-cp311-cp311-manylinux_2_17_s390x.manylinux2014_s390x.whl", hash = "sha256:062582fca9fabdd2c8b54a3ef1c978d786e0f6b3a1510e0ac93ef59e0ddae2bc"},
    {file = "PyYAML-6.0.1-cp311-cp311-manylinux_2_17_x86_64.manylinux2014_x86_64.whl", hash = "sha256:d2b04aac4d386b172d5b9692e2d2da8de7bfb6c387fa4f801fbf6fb2e6ba4673"},
    {file = "PyYAML-6.0.1-cp311-cp311-win32.whl", hash = "sha256:1635fd110e8d85d55237ab316b5b011de701ea0f29d07611174a1b42f1444741"},
    {file = "PyYAML-6.0.1-cp311-cp311-win_amd64.whl", hash = "sha256:bf07ee2fef7014951eeb99f56f39c9bb4af143d8aa3c21b1677805985307da34"},
    {file = "PyYAML-6.0.1-cp36-cp36m-macosx_10_9_x86_64.whl", hash = "sha256:50550eb667afee136e9a77d6dc71ae76a44df8b3e51e41b77f6de2932bfe0f47"},
    {file = "PyYAML-6.0.1-cp36-cp36m-manylinux_2_17_aarch64.manylinux2014_aarch64.whl", hash = "sha256:1fe35611261b29bd1de0070f0b2f47cb6ff71fa6595c077e42bd0c419fa27b98"},
    {file = "PyYAML-6.0.1-cp36-cp36m-manylinux_2_17_s390x.manylinux2014_s390x.whl", hash = "sha256:704219a11b772aea0d8ecd7058d0082713c3562b4e271b849ad7dc4a5c90c13c"},
    {file = "PyYAML-6.0.1-cp36-cp36m-manylinux_2_17_x86_64.manylinux2014_x86_64.whl", hash = "sha256:afd7e57eddb1a54f0f1a974bc4391af8bcce0b444685d936840f125cf046d5bd"},
    {file = "PyYAML-6.0.1-cp36-cp36m-win32.whl", hash = "sha256:fca0e3a251908a499833aa292323f32437106001d436eca0e6e7833256674585"},
    {file = "PyYAML-6.0.1-cp36-cp36m-win_amd64.whl", hash = "sha256:f22ac1c3cac4dbc50079e965eba2c1058622631e526bd9afd45fedd49ba781fa"},
    {file = "PyYAML-6.0.1-cp37-cp37m-macosx_10_9_x86_64.whl", hash = "sha256:b1275ad35a5d18c62a7220633c913e1b42d44b46ee12554e5fd39c70a243d6a3"},
    {file = "PyYAML-6.0.1-cp37-cp37m-manylinux_2_17_aarch64.manylinux2014_aarch64.whl", hash = "sha256:18aeb1bf9a78867dc38b259769503436b7c72f7a1f1f4c93ff9a17de54319b27"},
    {file = "PyYAML-6.0.1-cp37-cp37m-manylinux_2_17_s390x.manylinux2014_s390x.whl", hash = "sha256:596106435fa6ad000c2991a98fa58eeb8656ef2325d7e158344fb33864ed87e3"},
    {file = "PyYAML-6.0.1-cp37-cp37m-manylinux_2_17_x86_64.manylinux2014_x86_64.whl", hash = "sha256:baa90d3f661d43131ca170712d903e6295d1f7a0f595074f151c0aed377c9b9c"},
    {file = "PyYAML-6.0.1-cp37-cp37m-win32.whl", hash = "sha256:9046c58c4395dff28dd494285c82ba00b546adfc7ef001486fbf0324bc174fba"},
    {file = "PyYAML-6.0.1-cp37-cp37m-win_amd64.whl", hash = "sha256:4fb147e7a67ef577a588a0e2c17b6db51dda102c71de36f8549b6816a96e1867"},
    {file = "PyYAML-6.0.1-cp38-cp38-macosx_10_9_x86_64.whl", hash = "sha256:1d4c7e777c441b20e32f52bd377e0c409713e8bb1386e1099c2415f26e479595"},
    {file = "PyYAML-6.0.1-cp38-cp38-manylinux_2_17_aarch64.manylinux2014_aarch64.whl", hash = "sha256:a0cd17c15d3bb3fa06978b4e8958dcdc6e0174ccea823003a106c7d4d7899ac5"},
    {file = "PyYAML-6.0.1-cp38-cp38-manylinux_2_17_s390x.manylinux2014_s390x.whl", hash = "sha256:28c119d996beec18c05208a8bd78cbe4007878c6dd15091efb73a30e90539696"},
    {file = "PyYAML-6.0.1-cp38-cp38-manylinux_2_17_x86_64.manylinux2014_x86_64.whl", hash = "sha256:7e07cbde391ba96ab58e532ff4803f79c4129397514e1413a7dc761ccd755735"},
    {file = "PyYAML-6.0.1-cp38-cp38-win32.whl", hash = "sha256:184c5108a2aca3c5b3d3bf9395d50893a7ab82a38004c8f61c258d4428e80206"},
    {file = "PyYAML-6.0.1-cp38-cp38-win_amd64.whl", hash = "sha256:1e2722cc9fbb45d9b87631ac70924c11d3a401b2d7f410cc0e3bbf249f2dca62"},
    {file = "PyYAML-6.0.1-cp39-cp39-macosx_10_9_x86_64.whl", hash = "sha256:9eb6caa9a297fc2c2fb8862bc5370d0303ddba53ba97e71f08023b6cd73d16a8"},
    {file = "PyYAML-6.0.1-cp39-cp39-macosx_11_0_arm64.whl", hash = "sha256:c8098ddcc2a85b61647b2590f825f3db38891662cfc2fc776415143f599bb859"},
    {file = "PyYAML-6.0.1-cp39-cp39-manylinux_2_17_aarch64.manylinux2014_aarch64.whl", hash = "sha256:5773183b6446b2c99bb77e77595dd486303b4faab2b086e7b17bc6bef28865f6"},
    {file = "PyYAML-6.0.1-cp39-cp39-manylinux_2_17_s390x.manylinux2014_s390x.whl", hash = "sha256:b786eecbdf8499b9ca1d697215862083bd6d2a99965554781d0d8d1ad31e13a0"},
    {file = "PyYAML-6.0.1-cp39-cp39-manylinux_2_17_x86_64.manylinux2014_x86_64.whl", hash = "sha256:bc1bf2925a1ecd43da378f4db9e4f799775d6367bdb94671027b73b393a7c42c"},
    {file = "PyYAML-6.0.1-cp39-cp39-win32.whl", hash = "sha256:faca3bdcf85b2fc05d06ff3fbc1f83e1391b3e724afa3feba7d13eeab355484c"},
    {file = "PyYAML-6.0.1-cp39-cp39-win_amd64.whl", hash = "sha256:510c9deebc5c0225e8c96813043e62b680ba2f9c50a08d3724c7f28a747d1486"},
    {file = "PyYAML-6.0.1.tar.gz", hash = "sha256:bfdf460b1736c775f2ba9f6a92bca30bc2095067b8a9d77876d1fad6cc3b4a43"},
]

[[package]]
name = "rich"
version = "13.5.2"
description = "Render rich text, tables, progress bars, syntax highlighting, markdown and more to the terminal"
optional = false
python-versions = ">=3.7.0"
files = [
    {file = "rich-13.5.2-py3-none-any.whl", hash = "sha256:146a90b3b6b47cac4a73c12866a499e9817426423f57c5a66949c086191a8808"},
    {file = "rich-13.5.2.tar.gz", hash = "sha256:fb9d6c0a0f643c99eed3875b5377a184132ba9be4d61516a55273d3554d75a39"},
]

[package.dependencies]
markdown-it-py = ">=2.2.0"
pygments = ">=2.13.0,<3.0.0"

[package.extras]
jupyter = ["ipywidgets (>=7.5.1,<9)"]

[[package]]
name = "rich-click"
version = "1.6.1"
description = "Format click help output nicely with rich"
optional = false
python-versions = ">=3.7"
files = [
    {file = "rich-click-1.6.1.tar.gz", hash = "sha256:f8ff96693ec6e261d1544e9f7d9a5811c5ef5d74c8adb4978430fc0dac16777e"},
    {file = "rich_click-1.6.1-py3-none-any.whl", hash = "sha256:0fcf4d1a09029d79322dd814ab0b2e66ac183633037561881d45abae8a161d95"},
]

[package.dependencies]
click = ">=7"
rich = ">=10.7.0"

[package.extras]
dev = ["pre-commit"]

[[package]]
name = "ruff"
version = "0.0.290"
description = "An extremely fast Python linter, written in Rust."
optional = false
python-versions = ">=3.7"
files = [
    {file = "ruff-0.0.290-py3-none-macosx_10_7_x86_64.whl", hash = "sha256:0e2b09ac4213b11a3520221083866a5816616f3ae9da123037b8ab275066fbac"},
    {file = "ruff-0.0.290-py3-none-macosx_10_9_x86_64.macosx_11_0_arm64.macosx_10_9_universal2.whl", hash = "sha256:4ca6285aa77b3d966be32c9a3cd531655b3d4a0171e1f9bf26d66d0372186767"},
    {file = "ruff-0.0.290-py3-none-manylinux_2_17_aarch64.manylinux2014_aarch64.whl", hash = "sha256:35e3550d1d9f2157b0fcc77670f7bb59154f223bff281766e61bdd1dd854e0c5"},
    {file = "ruff-0.0.290-py3-none-manylinux_2_17_armv7l.manylinux2014_armv7l.whl", hash = "sha256:d748c8bd97874f5751aed73e8dde379ce32d16338123d07c18b25c9a2796574a"},
    {file = "ruff-0.0.290-py3-none-manylinux_2_17_i686.manylinux2014_i686.whl", hash = "sha256:982af5ec67cecd099e2ef5e238650407fb40d56304910102d054c109f390bf3c"},
    {file = "ruff-0.0.290-py3-none-manylinux_2_17_ppc64.manylinux2014_ppc64.whl", hash = "sha256:bbd37352cea4ee007c48a44c9bc45a21f7ba70a57edfe46842e346651e2b995a"},
    {file = "ruff-0.0.290-py3-none-manylinux_2_17_ppc64le.manylinux2014_ppc64le.whl", hash = "sha256:1d9be6351b7889462912e0b8185a260c0219c35dfd920fb490c7f256f1d8313e"},
    {file = "ruff-0.0.290-py3-none-manylinux_2_17_s390x.manylinux2014_s390x.whl", hash = "sha256:75cdc7fe32dcf33b7cec306707552dda54632ac29402775b9e212a3c16aad5e6"},
    {file = "ruff-0.0.290-py3-none-manylinux_2_17_x86_64.manylinux2014_x86_64.whl", hash = "sha256:eb07f37f7aecdbbc91d759c0c09870ce0fb3eed4025eebedf9c4b98c69abd527"},
    {file = "ruff-0.0.290-py3-none-musllinux_1_2_aarch64.whl", hash = "sha256:2ab41bc0ba359d3f715fc7b705bdeef19c0461351306b70a4e247f836b9350ed"},
    {file = "ruff-0.0.290-py3-none-musllinux_1_2_armv7l.whl", hash = "sha256:150bf8050214cea5b990945b66433bf9a5e0cef395c9bc0f50569e7de7540c86"},
    {file = "ruff-0.0.290-py3-none-musllinux_1_2_i686.whl", hash = "sha256:75386ebc15fe5467248c039f5bf6a0cfe7bfc619ffbb8cd62406cd8811815fca"},
    {file = "ruff-0.0.290-py3-none-musllinux_1_2_x86_64.whl", hash = "sha256:ac93eadf07bc4ab4c48d8bb4e427bf0f58f3a9c578862eb85d99d704669f5da0"},
    {file = "ruff-0.0.290-py3-none-win32.whl", hash = "sha256:461fbd1fb9ca806d4e3d5c745a30e185f7cf3ca77293cdc17abb2f2a990ad3f7"},
    {file = "ruff-0.0.290-py3-none-win_amd64.whl", hash = "sha256:f1f49f5ec967fd5778813780b12a5650ab0ebcb9ddcca28d642c689b36920796"},
    {file = "ruff-0.0.290-py3-none-win_arm64.whl", hash = "sha256:ae5a92dfbdf1f0c689433c223f8dac0782c2b2584bd502dfdbc76475669f1ba1"},
    {file = "ruff-0.0.290.tar.gz", hash = "sha256:949fecbc5467bb11b8db810a7fa53c7e02633856ee6bd1302b2f43adcd71b88d"},
]

[[package]]
name = "setuptools"
version = "68.2.2"
description = "Easily download, build, install, upgrade, and uninstall Python packages"
optional = false
python-versions = ">=3.8"
files = [
    {file = "setuptools-68.2.2-py3-none-any.whl", hash = "sha256:b454a35605876da60632df1a60f736524eb73cc47bbc9f3f1ef1b644de74fd2a"},
    {file = "setuptools-68.2.2.tar.gz", hash = "sha256:4ac1475276d2f1c48684874089fefcd83bd7162ddaafb81fac866ba0db282a87"},
]

[package.extras]
docs = ["furo", "jaraco.packaging (>=9.3)", "jaraco.tidelift (>=1.4)", "pygments-github-lexers (==0.0.5)", "rst.linker (>=1.9)", "sphinx (>=3.5)", "sphinx-favicon", "sphinx-hoverxref (<2)", "sphinx-inline-tabs", "sphinx-lint", "sphinx-notfound-page (>=1,<2)", "sphinx-reredirects", "sphinxcontrib-towncrier"]
testing = ["build[virtualenv]", "filelock (>=3.4.0)", "flake8-2020", "ini2toml[lite] (>=0.9)", "jaraco.develop (>=7.21)", "jaraco.envs (>=2.2)", "jaraco.path (>=3.2.0)", "pip (>=19.1)", "pytest (>=6)", "pytest-black (>=0.3.7)", "pytest-checkdocs (>=2.4)", "pytest-cov", "pytest-enabler (>=2.2)", "pytest-mypy (>=0.9.1)", "pytest-perf", "pytest-ruff", "pytest-timeout", "pytest-xdist", "tomli-w (>=1.0.0)", "virtualenv (>=13.0.0)", "wheel"]
testing-integration = ["build[virtualenv] (>=1.0.3)", "filelock (>=3.4.0)", "jaraco.envs (>=2.2)", "jaraco.path (>=3.2.0)", "packaging (>=23.1)", "pytest", "pytest-enabler", "pytest-xdist", "tomli", "virtualenv (>=13.0.0)", "wheel"]

[[package]]
name = "sniffio"
version = "1.3.0"
description = "Sniff out which async library your code is running under"
optional = false
python-versions = ">=3.7"
files = [
    {file = "sniffio-1.3.0-py3-none-any.whl", hash = "sha256:eecefdce1e5bbfb7ad2eeaabf7c1eeb404d7757c379bd1f7e5cce9d8bf425384"},
    {file = "sniffio-1.3.0.tar.gz", hash = "sha256:e60305c5e5d314f5389259b7f22aaa33d8f7dee49763119234af3755c55b9101"},
]

[[package]]
name = "tomli"
version = "2.0.1"
description = "A lil' TOML parser"
optional = false
python-versions = ">=3.7"
files = [
    {file = "tomli-2.0.1-py3-none-any.whl", hash = "sha256:939de3e7a6161af0c887ef91b7d41a53e7c5a1ca976325f429cb46ea9bc30ecc"},
    {file = "tomli-2.0.1.tar.gz", hash = "sha256:de526c12914f0c550d15924c62d72abc48d6fe7364aa87328337a31007fe8a4f"},
]

[[package]]
name = "tomli-w"
version = "1.0.0"
description = "A lil' TOML writer"
optional = false
python-versions = ">=3.7"
files = [
    {file = "tomli_w-1.0.0-py3-none-any.whl", hash = "sha256:9f2a07e8be30a0729e533ec968016807069991ae2fd921a78d42f429ae5f4463"},
    {file = "tomli_w-1.0.0.tar.gz", hash = "sha256:f463434305e0336248cac9c2dc8076b707d8a12d019dd349f5c1e382dd1ae1b9"},
]

[[package]]
name = "typing-extensions"
version = "4.7.1"
description = "Backported and Experimental Type Hints for Python 3.7+"
optional = false
python-versions = ">=3.7"
files = [
    {file = "typing_extensions-4.7.1-py3-none-any.whl", hash = "sha256:440d5dd3af93b060174bf433bccd69b0babc3b15b1a8dca43789fd7f61514b36"},
    {file = "typing_extensions-4.7.1.tar.gz", hash = "sha256:b75ddc264f0ba5615db7ba217daeb99701ad295353c45f9e95963337ceeeffb2"},
]

[[package]]
name = "typing-inspect"
version = "0.9.0"
description = "Runtime inspection utilities for typing module."
optional = false
python-versions = "*"
files = [
    {file = "typing_inspect-0.9.0-py3-none-any.whl", hash = "sha256:9ee6fc59062311ef8547596ab6b955e1b8aa46242d854bfc78f4f6b0eff35f9f"},
    {file = "typing_inspect-0.9.0.tar.gz", hash = "sha256:b23fc42ff6f6ef6954e4852c1fb512cdd18dbea03134f91f856a95ccc9461f78"},
]

[package.dependencies]
mypy-extensions = ">=0.3.0"
typing-extensions = ">=3.7.4"

[[package]]
name = "virtualenv"
version = "20.24.5"
description = "Virtual Python Environment builder"
optional = false
python-versions = ">=3.7"
files = [
    {file = "virtualenv-20.24.5-py3-none-any.whl", hash = "sha256:b80039f280f4919c77b30f1c23294ae357c4c8701042086e3fc005963e4e537b"},
    {file = "virtualenv-20.24.5.tar.gz", hash = "sha256:e8361967f6da6fbdf1426483bfe9fca8287c242ac0bc30429905721cefbff752"},
]

[package.dependencies]
distlib = ">=0.3.7,<1"
filelock = ">=3.12.2,<4"
platformdirs = ">=3.9.1,<4"

[package.extras]
docs = ["furo (>=2023.7.26)", "proselint (>=0.13)", "sphinx (>=7.1.2)", "sphinx-argparse (>=0.4)", "sphinxcontrib-towncrier (>=0.2.1a0)", "towncrier (>=23.6)"]
test = ["covdefaults (>=2.3)", "coverage (>=7.2.7)", "coverage-enable-subprocess (>=1)", "flaky (>=3.7)", "packaging (>=23.1)", "pytest (>=7.4)", "pytest-env (>=0.8.2)", "pytest-freezer (>=0.4.8)", "pytest-mock (>=3.11.1)", "pytest-randomly (>=3.12)", "pytest-timeout (>=2.1)", "setuptools (>=68)", "time-machine (>=2.10)"]

[[package]]
name = "zipp"
version = "3.16.2"
description = "Backport of pathlib-compatible object wrapper for zip files"
optional = false
python-versions = ">=3.8"
files = [
    {file = "zipp-3.16.2-py3-none-any.whl", hash = "sha256:679e51dd4403591b2d6838a48de3d283f3d188412a9782faadf845f298736ba0"},
    {file = "zipp-3.16.2.tar.gz", hash = "sha256:ebc15946aa78bd63458992fc81ec3b6f7b1e92d51c35e6de1c3804e73b799147"},
]

[package.extras]
docs = ["furo", "jaraco.packaging (>=9.3)", "jaraco.tidelift (>=1.4)", "rst.linker (>=1.9)", "sphinx (>=3.5)", "sphinx-lint"]
testing = ["big-O", "jaraco.functools", "jaraco.itertools", "more-itertools", "pytest (>=6)", "pytest-black (>=0.3.7)", "pytest-checkdocs (>=2.4)", "pytest-cov", "pytest-enabler (>=2.2)", "pytest-ignore-flaky", "pytest-mypy (>=0.9.1)", "pytest-ruff"]

[extras]
ruff = ["ruff"]

[metadata]
lock-version = "2.0"
python-versions = "^3.9"
content-hash = "2708f87b2f1cb618b54a951ff99e7cfbd55c21902670e61cf8c9ad6d9d7c94cb"
