# This file is automatically @generated by Poetry 1.5.0 and should not be changed by hand.

[[package]]
name = "anyio"
version = "3.7.0"
description = "High level compatibility layer for multiple asynchronous event loop implementations"
optional = false
python-versions = ">=3.7"
files = [
    {file = "anyio-3.7.0-py3-none-any.whl", hash = "sha256:eddca883c4175f14df8aedce21054bfca3adb70ffe76a9f607aef9d7fa2ea7f0"},
    {file = "anyio-3.7.0.tar.gz", hash = "sha256:275d9973793619a5374e1c89a4f4ad3f4b0a5510a2b5b939444bee8f4c4d37ce"},
]

[package.dependencies]
idna = ">=2.8"
sniffio = ">=1.1"

[package.extras]
doc = ["Sphinx (>=6.1.0)", "packaging", "sphinx-autodoc-typehints (>=1.2.0)", "sphinx-rtd-theme", "sphinxcontrib-jquery"]
test = ["anyio[trio]", "coverage[toml] (>=4.5)", "hypothesis (>=4.0)", "mock (>=4)", "psutil (>=5.9)", "pytest (>=7.0)", "pytest-mock (>=3.6.1)", "trustme", "uvloop (>=0.17)"]
trio = ["trio (<0.22)"]

[[package]]
name = "cfgv"
version = "3.3.1"
description = "Validate configuration and produce human readable error messages."
optional = false
python-versions = ">=3.6.1"
files = [
    {file = "cfgv-3.3.1-py2.py3-none-any.whl", hash = "sha256:c6a0883f3917a037485059700b9e75da2464e6c27051014ad85ba6aaa5884426"},
    {file = "cfgv-3.3.1.tar.gz", hash = "sha256:f5a830efb9ce7a445376bb66ec94c638a9787422f96264c98edc6bdeed8ab736"},
]

[[package]]
name = "click"
version = "8.1.3"
description = "Composable command line interface toolkit"
optional = false
python-versions = ">=3.7"
files = [
    {file = "click-8.1.3-py3-none-any.whl", hash = "sha256:bb4d8133cb15a609f44e8213d9b391b0809795062913b383c62be0ee95b1db48"},
    {file = "click-8.1.3.tar.gz", hash = "sha256:7682dc8afb30297001674575ea00d1814d808d6a36af415a82bd481d37ba7b8e"},
]

[package.dependencies]
colorama = {version = "*", markers = "platform_system == \"Windows\""}

[[package]]
name = "colorama"
version = "0.4.6"
description = "Cross-platform colored terminal text."
optional = false
python-versions = "!=3.0.*,!=3.1.*,!=3.2.*,!=3.3.*,!=3.4.*,!=3.5.*,!=3.6.*,>=2.7"
files = [
    {file = "colorama-0.4.6-py2.py3-none-any.whl", hash = "sha256:4f1d9991f5acc0ca119f9d443620b77f9d6b33703e51011c16baf57afb285fc6"},
    {file = "colorama-0.4.6.tar.gz", hash = "sha256:08695f5cb7ed6e0531a20572697297273c47b8cae5a63ffc6d6ed5c201be6e44"},
]

[[package]]
name = "distlib"
version = "0.3.6"
description = "Distribution utilities"
optional = false
python-versions = "*"
files = [
    {file = "distlib-0.3.6-py2.py3-none-any.whl", hash = "sha256:f35c4b692542ca110de7ef0bea44d73981caeb34ca0b9b6b2e6d7790dda8f80e"},
    {file = "distlib-0.3.6.tar.gz", hash = "sha256:14bad2d9b04d3a36127ac97f30b12a19268f211063d8f8ee4f47108896e11b46"},
]

[[package]]
name = "filelock"
version = "3.12.2"
description = "A platform independent file lock."
optional = false
python-versions = ">=3.7"
files = [
    {file = "filelock-3.12.2-py3-none-any.whl", hash = "sha256:cbb791cdea2a72f23da6ac5b5269ab0a0d161e9ef0100e653b69049a7706d1ec"},
    {file = "filelock-3.12.2.tar.gz", hash = "sha256:002740518d8aa59a26b0c76e10fb8c6e15eae825d34b6fdf670333fd7b938d81"},
]

[package.extras]
docs = ["furo (>=2023.5.20)", "sphinx (>=7.0.1)", "sphinx-autodoc-typehints (>=1.23,!=1.23.4)"]
testing = ["covdefaults (>=2.3)", "coverage (>=7.2.7)", "diff-cover (>=7.5)", "pytest (>=7.3.1)", "pytest-cov (>=4.1)", "pytest-mock (>=3.10)", "pytest-timeout (>=2.1)"]

[[package]]
name = "identify"
version = "2.5.24"
description = "File identification library for Python"
optional = false
python-versions = ">=3.7"
files = [
    {file = "identify-2.5.24-py2.py3-none-any.whl", hash = "sha256:986dbfb38b1140e763e413e6feb44cd731faf72d1909543178aa79b0e258265d"},
    {file = "identify-2.5.24.tar.gz", hash = "sha256:0aac67d5b4812498056d28a9a512a483f5085cc28640b02b258a59dac34301d4"},
]

[package.extras]
license = ["ukkonen"]

[[package]]
name = "idna"
version = "3.4"
description = "Internationalized Domain Names in Applications (IDNA)"
optional = false
python-versions = ">=3.5"
files = [
    {file = "idna-3.4-py3-none-any.whl", hash = "sha256:90b77e79eaa3eba6de819a0c442c0b4ceefc341a7a2ab77d7562bf49f425c5c2"},
    {file = "idna-3.4.tar.gz", hash = "sha256:814f528e8dead7d329833b91c5faa87d60bf71824cd12a7530b5526063d02cb4"},
]

[[package]]
name = "iniconfig"
version = "2.0.0"
description = "brain-dead simple config-ini parsing"
optional = false
python-versions = ">=3.7"
files = [
    {file = "iniconfig-2.0.0-py3-none-any.whl", hash = "sha256:b6a85871a79d2e3b22d2d1b94ac2824226a63c6b741c88f7ae975f18b6778374"},
    {file = "iniconfig-2.0.0.tar.gz", hash = "sha256:2d91e135bf72d31a410b17c16da610a82cb55f6b0477d1a902134b24a455b8b3"},
]

[[package]]
name = "libcst"
version = "1.0.1"
description = "A concrete syntax tree with AST-like properties for Python 3.5, 3.6, 3.7, 3.8, 3.9, and 3.10 programs."
optional = false
python-versions = ">=3.7"
files = [
    {file = "libcst-1.0.1-cp310-cp310-macosx_10_9_x86_64.whl", hash = "sha256:80423311f09fc5fc3270ede44d30d9d8d3c2d3dd50dbf703a581ca7346949fa6"},
    {file = "libcst-1.0.1-cp310-cp310-macosx_11_0_arm64.whl", hash = "sha256:9d6dec2a3c443792e6af7c36fadc256e4ea586214c76b52f0d18118811dbe351"},
    {file = "libcst-1.0.1-cp310-cp310-manylinux_2_17_aarch64.manylinux2014_aarch64.whl", hash = "sha256:4840a3de701778f0a19582bb3085c61591329153f801dc25da84689a3733960b"},
    {file = "libcst-1.0.1-cp310-cp310-manylinux_2_17_x86_64.manylinux2014_x86_64.whl", hash = "sha256:0138068baf09561268c7f079373bda45f0e2b606d2d19df1307ca8a5134fc465"},
    {file = "libcst-1.0.1-cp310-cp310-manylinux_2_5_i686.manylinux1_i686.manylinux_2_17_i686.manylinux2014_i686.whl", hash = "sha256:9a4931feceab171e6fce73de94e13880424367247dad6ff2b49cabfec733e144"},
    {file = "libcst-1.0.1-cp310-cp310-win_amd64.whl", hash = "sha256:47dba43855e9c7b06d8b256ee81f0ebec6a4f43605456519577e09dfe4b4288c"},
    {file = "libcst-1.0.1-cp311-cp311-macosx_10_9_x86_64.whl", hash = "sha256:8c50541c3fd6b1d5a3765c4bb5ee8ecbba9d0e798e48f79fd5adf3b6752de4d0"},
    {file = "libcst-1.0.1-cp311-cp311-macosx_11_0_arm64.whl", hash = "sha256:5599166d5fec40e18601fb8868519dde99f77b6e4ad6074958018f9545da7abd"},
    {file = "libcst-1.0.1-cp311-cp311-manylinux_2_17_aarch64.manylinux2014_aarch64.whl", hash = "sha256:600c4d3a9a2f75d5a055fed713a5a4d812709947909610aa6527abe08a31896f"},
    {file = "libcst-1.0.1-cp311-cp311-manylinux_2_17_x86_64.manylinux2014_x86_64.whl", hash = "sha256:a6b5aea04c35e13109edad3cf83bc6dcd74309b150a781d2189eecb288b73a87"},
    {file = "libcst-1.0.1-cp311-cp311-manylinux_2_5_i686.manylinux1_i686.manylinux_2_17_i686.manylinux2014_i686.whl", hash = "sha256:ddd4e0eeec499d1c824ab545e62e957dbbd69a16bc4273208817638eb7d6b3c6"},
    {file = "libcst-1.0.1-cp311-cp311-win_amd64.whl", hash = "sha256:414350df5e334ddf0db1732d63da44e81b734d45abe1c597b5e5c0dd46aa4156"},
    {file = "libcst-1.0.1-cp37-cp37m-macosx_10_9_x86_64.whl", hash = "sha256:1adcfa7cafb6a0d39a1a0bec541355608038b45815e0c5019c95f91921d42884"},
    {file = "libcst-1.0.1-cp37-cp37m-manylinux_2_17_aarch64.manylinux2014_aarch64.whl", hash = "sha256:8d31ce2790eab59c1bd8e33fe72d09cfc78635c145bdc3f08296b360abb5f443"},
    {file = "libcst-1.0.1-cp37-cp37m-manylinux_2_17_x86_64.manylinux2014_x86_64.whl", hash = "sha256:f2cb687e1514625e91024e50a5d2e485c0ad3be24f199874ebf32b5de0346150"},
    {file = "libcst-1.0.1-cp37-cp37m-manylinux_2_5_i686.manylinux1_i686.manylinux_2_17_i686.manylinux2014_i686.whl", hash = "sha256:6caa33430c0c7a0fcad921b0deeec61ddb96796b6f88dca94966f6db62065f4f"},
    {file = "libcst-1.0.1-cp37-cp37m-win_amd64.whl", hash = "sha256:b97f652b15c50e91df411a9c8d5e6f75882b30743a49b387dcedd3f68ed94d75"},
    {file = "libcst-1.0.1-cp38-cp38-macosx_10_9_x86_64.whl", hash = "sha256:967c66fabd52102954207bf1541312b467afc210fdf7033f32da992fb6c2372c"},
    {file = "libcst-1.0.1-cp38-cp38-macosx_11_0_arm64.whl", hash = "sha256:b666a605f4205c8357696f3b6571a38f6a8537cdcbb8f357587d35168298af34"},
    {file = "libcst-1.0.1-cp38-cp38-manylinux_2_17_aarch64.manylinux2014_aarch64.whl", hash = "sha256:ae49dcbfadefb82e830d41d9f0a1db0af3b771224768f431f1b7b3a9803ed7e3"},
    {file = "libcst-1.0.1-cp38-cp38-manylinux_2_17_x86_64.manylinux2014_x86_64.whl", hash = "sha256:c90c74a8a314f0774f045122323fb60bacba79cbf5f71883c0848ecd67179541"},
    {file = "libcst-1.0.1-cp38-cp38-manylinux_2_5_i686.manylinux1_i686.manylinux_2_17_i686.manylinux2014_i686.whl", hash = "sha256:b0533de4e35396c61aeb3a6266ac30369a855910c2385aaa902ff4aabd60d409"},
    {file = "libcst-1.0.1-cp38-cp38-win_amd64.whl", hash = "sha256:5e3293e77657ba62533553bb9f0c5fb173780e164c65db1ea2a3e0d03944a284"},
    {file = "libcst-1.0.1-cp39-cp39-macosx_10_9_x86_64.whl", hash = "sha256:119ba709f1dcb785a4458cf36cedb51d6f9cb2eec0acd7bb171f730eac7cb6ce"},
    {file = "libcst-1.0.1-cp39-cp39-macosx_11_0_arm64.whl", hash = "sha256:4b4e336f6d68456017671cdda8ddebf9caebce8052cc21a3f494b03d7bd28386"},
    {file = "libcst-1.0.1-cp39-cp39-manylinux_2_17_aarch64.manylinux2014_aarch64.whl", hash = "sha256:8420926791b0b6206cb831a7ec73d26ae820e65bdf07ce9813c7754c7722c07a"},
    {file = "libcst-1.0.1-cp39-cp39-manylinux_2_17_x86_64.manylinux2014_x86_64.whl", hash = "sha256:d237e9164a43caa7d6765ee560412264484e7620c546a2ee10a8d01bd56884e0"},
    {file = "libcst-1.0.1-cp39-cp39-manylinux_2_5_i686.manylinux1_i686.manylinux_2_17_i686.manylinux2014_i686.whl", hash = "sha256:440887e5f82efb299f2e98d4bfa5663851a878cfc0efed652ab8c50205191436"},
    {file = "libcst-1.0.1-cp39-cp39-win_amd64.whl", hash = "sha256:ae7f4e71d714f256b5f2ff98b5a9effba0f9dff4d779d8f35d7eb157bef78f59"},
    {file = "libcst-1.0.1.tar.gz", hash = "sha256:37187337f979ba426d8bfefc08008c3c1b09b9e9f9387050804ed2da88107570"},
]

[package.dependencies]
pyyaml = ">=5.2"
typing-extensions = ">=3.7.4.2"
typing-inspect = ">=0.4.0"

[package.extras]
dev = ["Sphinx (>=5.1.1)", "black (==23.3.0)", "build (>=0.10.0)", "coverage (>=4.5.4)", "fixit (==0.1.1)", "flake8 (>=3.7.8,<5)", "hypothesis (>=4.36.0)", "hypothesmith (>=0.0.4)", "jinja2 (==3.1.2)", "jupyter (>=1.0.0)", "maturin (>=0.8.3,<0.16)", "nbsphinx (>=0.4.2)", "prompt-toolkit (>=2.0.9)", "pyre-check (==0.9.10)", "setuptools-rust (>=1.5.2)", "setuptools-scm (>=6.0.1)", "slotscheck (>=0.7.1)", "sphinx-rtd-theme (>=0.4.3)", "ufmt (==2.1.0)", "usort (==1.0.7)"]

[[package]]
name = "markdown-it-py"
version = "3.0.0"
description = "Python port of markdown-it. Markdown parsing, done right!"
optional = false
python-versions = ">=3.8"
files = [
    {file = "markdown-it-py-3.0.0.tar.gz", hash = "sha256:e3f60a94fa066dc52ec76661e37c851cb232d92f9886b15cb560aaada2df8feb"},
    {file = "markdown_it_py-3.0.0-py3-none-any.whl", hash = "sha256:355216845c60bd96232cd8d8c40e8f9765cc86f46880e43a8fd22dc1a1a8cab1"},
]

[package.dependencies]
mdurl = ">=0.1,<1.0"

[package.extras]
benchmarking = ["psutil", "pytest", "pytest-benchmark"]
code-style = ["pre-commit (>=3.0,<4.0)"]
compare = ["commonmark (>=0.9,<1.0)", "markdown (>=3.4,<4.0)", "mistletoe (>=1.0,<2.0)", "mistune (>=2.0,<3.0)", "panflute (>=2.3,<3.0)"]
linkify = ["linkify-it-py (>=1,<3)"]
plugins = ["mdit-py-plugins"]
profiling = ["gprof2dot"]
rtd = ["jupyter_sphinx", "mdit-py-plugins", "myst-parser", "pyyaml", "sphinx", "sphinx-copybutton", "sphinx-design", "sphinx_book_theme"]
testing = ["coverage", "pytest", "pytest-cov", "pytest-regressions"]

[[package]]
name = "mdurl"
version = "0.1.2"
description = "Markdown URL utilities"
optional = false
python-versions = ">=3.7"
files = [
    {file = "mdurl-0.1.2-py3-none-any.whl", hash = "sha256:84008a41e51615a49fc9966191ff91509e3c40b939176e643fd50a5c2196b8f8"},
    {file = "mdurl-0.1.2.tar.gz", hash = "sha256:bb413d29f5eea38f31dd4754dd7377d4465116fb207585f97bf925588687c1ba"},
]

[[package]]
name = "msgspec"
version = "0.16.0"
description = "A fast serialization and validation library, with builtin support for JSON, MessagePack, YAML, and TOML."
optional = false
python-versions = ">=3.8"
files = [
    {file = "msgspec-0.16.0-cp310-cp310-macosx_10_9_x86_64.whl", hash = "sha256:f06692e976bbb89d1c1eb95109679195a4ec172fbec73dee5027af1450f46b59"},
    {file = "msgspec-0.16.0-cp310-cp310-macosx_11_0_arm64.whl", hash = "sha256:77b19814d7206542927c46e0c7807955739c181fef71f973e96c4e47a14c5893"},
    {file = "msgspec-0.16.0-cp310-cp310-manylinux_2_17_aarch64.manylinux2014_aarch64.whl", hash = "sha256:c0cda74ffda2b2757eadf2259f8a68a5321f4fb8423bff26fa9e28eaaf8720d6"},
    {file = "msgspec-0.16.0-cp310-cp310-manylinux_2_17_x86_64.manylinux2014_x86_64.whl", hash = "sha256:ddebe801459cd6f67e4279b3c679dc731729fabf64f42d7a4bd567ca3eb56377"},
    {file = "msgspec-0.16.0-cp310-cp310-musllinux_1_1_aarch64.whl", hash = "sha256:c0458cf8a44f630d372348d95b3b536a52412d4e61a53a3f3f31f070c95eb461"},
    {file = "msgspec-0.16.0-cp310-cp310-musllinux_1_1_x86_64.whl", hash = "sha256:ce21b56ecb462abb5291863c2e29dc58177da3c8f43f3d0edf69009daca05b66"},
    {file = "msgspec-0.16.0-cp310-cp310-win_amd64.whl", hash = "sha256:cbd657cc2e2840f86a75c1fee265854835e2196d12502a64ce1390239cca58a9"},
    {file = "msgspec-0.16.0-cp311-cp311-macosx_10_9_x86_64.whl", hash = "sha256:7cdfad50f388d1c1a933d9239913cb3bd993d4b631011df34d893fb3011971e0"},
    {file = "msgspec-0.16.0-cp311-cp311-macosx_11_0_arm64.whl", hash = "sha256:2a4f641e10d4ef70a77184c002ec1512c0b83ddbb6c21314c85f9507c029b997"},
    {file = "msgspec-0.16.0-cp311-cp311-manylinux_2_17_aarch64.manylinux2014_aarch64.whl", hash = "sha256:9075d40d7739228b6158969239ad7708f483bbd4e8eb09c92c95c6062b470617"},
    {file = "msgspec-0.16.0-cp311-cp311-manylinux_2_17_x86_64.manylinux2014_x86_64.whl", hash = "sha256:71f710d8b1992cf0690c9feeebd741d69c3627bace3f16e09e8556d65eb012fe"},
    {file = "msgspec-0.16.0-cp311-cp311-musllinux_1_1_aarch64.whl", hash = "sha256:1b6412c20bd687df6fb7c72a8a1bbc1a5da1be948bc01ce3d21e645263cddb6c"},
    {file = "msgspec-0.16.0-cp311-cp311-musllinux_1_1_x86_64.whl", hash = "sha256:e1a6708408cd5a44e39aa268086fe0992001e5881282c178a158af86727ddfa3"},
    {file = "msgspec-0.16.0-cp311-cp311-win_amd64.whl", hash = "sha256:ccd842d25593fbff6505e77e0a3701c89bf3a1c260247e4e541e4e58dc81a6cc"},
    {file = "msgspec-0.16.0-cp38-cp38-macosx_10_9_x86_64.whl", hash = "sha256:dbc137f037c2cb4ee731ef5066d3cb85a639b5d805df7f4c96aaefd914c7c5af"},
    {file = "msgspec-0.16.0-cp38-cp38-macosx_11_0_arm64.whl", hash = "sha256:611c90eff0e2dd19b53e93bf8040450404f262aa05eee27089c8d29e92031db6"},
    {file = "msgspec-0.16.0-cp38-cp38-manylinux_2_17_aarch64.manylinux2014_aarch64.whl", hash = "sha256:36e177b0f05f05321e415d42a30f854df47452c973e18957899410163da5c88c"},
    {file = "msgspec-0.16.0-cp38-cp38-manylinux_2_17_x86_64.manylinux2014_x86_64.whl", hash = "sha256:86db3b2e32be73d155525e0886764963379eef8d6f7a16da6cd023516aed01ee"},
    {file = "msgspec-0.16.0-cp38-cp38-musllinux_1_1_aarch64.whl", hash = "sha256:aa4bb83597ad8fce23b53ff16acd7931a55bf4ee2197c0282f077e5caacd5ee2"},
    {file = "msgspec-0.16.0-cp38-cp38-musllinux_1_1_x86_64.whl", hash = "sha256:15c64bbefd34a5beb0da9eb22bff3ba0aab296f9828084998cd7716b5c1e2964"},
    {file = "msgspec-0.16.0-cp38-cp38-win_amd64.whl", hash = "sha256:4111ab4373c185df543248d86eeb885c623319f82f4256164617beb8fbfa5071"},
    {file = "msgspec-0.16.0-cp39-cp39-macosx_10_9_x86_64.whl", hash = "sha256:24809b66ef632f1ae91af7d281dd78eec2f516ad9963b3e9e61cb7b34495875d"},
    {file = "msgspec-0.16.0-cp39-cp39-macosx_11_0_arm64.whl", hash = "sha256:4f14e3b1df80967aef772c9ac083df56ecf067f7cad7d291180f2733449e83a5"},
    {file = "msgspec-0.16.0-cp39-cp39-manylinux_2_17_aarch64.manylinux2014_aarch64.whl", hash = "sha256:78f3a914a356daf334f9dc7e72fb55025b39c65b6fcec507b18cdca7e65b97f6"},
    {file = "msgspec-0.16.0-cp39-cp39-manylinux_2_17_x86_64.manylinux2014_x86_64.whl", hash = "sha256:c4830b073860e05d2cf1ef56d610035402f83b129a2742032ef2492d093385ef"},
    {file = "msgspec-0.16.0-cp39-cp39-musllinux_1_1_aarch64.whl", hash = "sha256:fea1bc172bd07a427ee538169b6447433dee018624f1e43ab7d046ccfbffb66f"},
    {file = "msgspec-0.16.0-cp39-cp39-musllinux_1_1_x86_64.whl", hash = "sha256:d80d2c1a8e3ee2b991d7fcf8d8b0904cb4fa68fe4d5abf8739453cffdde418c4"},
    {file = "msgspec-0.16.0-cp39-cp39-win_amd64.whl", hash = "sha256:21095c687ae624a812a13a7e5d4ea6f3039c8768052ac0fb2818b8744779872a"},
    {file = "msgspec-0.16.0.tar.gz", hash = "sha256:0a3d5441cc8bda37957a1edb52c6f6ff4fcfebcaf20c771ad4cd4eade75c0f1a"},
]

[package.extras]
dev = ["attrs", "coverage", "furo", "gcovr", "ipython", "msgpack", "mypy", "pre-commit", "pyright", "pytest", "pyyaml", "sphinx", "sphinx-copybutton", "sphinx-design", "tomli", "tomli-w"]
doc = ["furo", "ipython", "sphinx", "sphinx-copybutton", "sphinx-design"]
test = ["attrs", "msgpack", "mypy", "pyright", "pytest", "pyyaml", "tomli", "tomli-w"]
toml = ["tomli", "tomli-w"]
yaml = ["pyyaml"]

[[package]]
name = "mypy-extensions"
version = "1.0.0"
description = "Type system extensions for programs checked with the mypy type checker."
optional = false
python-versions = ">=3.5"
files = [
    {file = "mypy_extensions-1.0.0-py3-none-any.whl", hash = "sha256:4392f6c0eb8a5668a69e23d168ffa70f0be9ccfd32b5cc2d26a34ae5b844552d"},
    {file = "mypy_extensions-1.0.0.tar.gz", hash = "sha256:75dbf8955dc00442a438fc4d0666508a9a97b6bd41aa2f0ffe9d2f2725af0782"},
]

[[package]]
name = "nodeenv"
version = "1.8.0"
description = "Node.js virtual environment builder"
optional = false
python-versions = ">=2.7,!=3.0.*,!=3.1.*,!=3.2.*,!=3.3.*,!=3.4.*,!=3.5.*,!=3.6.*"
files = [
    {file = "nodeenv-1.8.0-py2.py3-none-any.whl", hash = "sha256:df865724bb3c3adc86b3876fa209771517b0cfe596beff01a92700e0e8be4cec"},
    {file = "nodeenv-1.8.0.tar.gz", hash = "sha256:d51e0c37e64fbf47d017feac3145cdbb58836d7eee8c6f6d3b6880c5456227d2"},
]

[package.dependencies]
setuptools = "*"

[[package]]
name = "packaging"
version = "23.1"
description = "Core utilities for Python packages"
optional = false
python-versions = ">=3.7"
files = [
    {file = "packaging-23.1-py3-none-any.whl", hash = "sha256:994793af429502c4ea2ebf6bf664629d07c1a9fe974af92966e4b8d2df7edc61"},
    {file = "packaging-23.1.tar.gz", hash = "sha256:a392980d2b6cffa644431898be54b0045151319d1e7ec34f0cfed48767dd334f"},
]

[[package]]
name = "platformdirs"
version = "3.5.3"
description = "A small Python package for determining appropriate platform-specific dirs, e.g. a \"user data dir\"."
optional = false
python-versions = ">=3.7"
files = [
    {file = "platformdirs-3.5.3-py3-none-any.whl", hash = "sha256:0ade98a4895e87dc51d47151f7d2ec290365a585151d97b4d8d6312ed6132fed"},
    {file = "platformdirs-3.5.3.tar.gz", hash = "sha256:e48fabd87db8f3a7df7150a4a5ea22c546ee8bc39bc2473244730d4b56d2cc4e"},
]

[package.extras]
docs = ["furo (>=2023.5.20)", "proselint (>=0.13)", "sphinx (>=7.0.1)", "sphinx-autodoc-typehints (>=1.23,!=1.23.4)"]
test = ["appdirs (==1.4.4)", "covdefaults (>=2.3)", "pytest (>=7.3.1)", "pytest-cov (>=4.1)", "pytest-mock (>=3.10)"]

[[package]]
name = "pluggy"
version = "1.0.0"
description = "plugin and hook calling mechanisms for python"
optional = false
python-versions = ">=3.6"
files = [
    {file = "pluggy-1.0.0-py2.py3-none-any.whl", hash = "sha256:74134bbf457f031a36d68416e1509f34bd5ccc019f0bcc952c7b909d06b37bd3"},
    {file = "pluggy-1.0.0.tar.gz", hash = "sha256:4224373bacce55f955a878bf9cfa763c1e360858e330072059e10bad68531159"},
]

[package.extras]
dev = ["pre-commit", "tox"]
testing = ["pytest", "pytest-benchmark"]

[[package]]
name = "pre-commit"
version = "3.3.3"
description = "A framework for managing and maintaining multi-language pre-commit hooks."
optional = false
python-versions = ">=3.8"
files = [
    {file = "pre_commit-3.3.3-py2.py3-none-any.whl", hash = "sha256:10badb65d6a38caff29703362271d7dca483d01da88f9d7e05d0b97171c136cb"},
    {file = "pre_commit-3.3.3.tar.gz", hash = "sha256:a2256f489cd913d575c145132ae196fe335da32d91a8294b7afe6622335dd023"},
]

[package.dependencies]
cfgv = ">=2.0.0"
identify = ">=1.0.0"
nodeenv = ">=0.11.1"
pyyaml = ">=5.1"
virtualenv = ">=20.10.0"

[[package]]
name = "pygments"
version = "2.15.1"
description = "Pygments is a syntax highlighting package written in Python."
optional = false
python-versions = ">=3.7"
files = [
    {file = "Pygments-2.15.1-py3-none-any.whl", hash = "sha256:db2db3deb4b4179f399a09054b023b6a586b76499d36965813c71aa8ed7b5fd1"},
    {file = "Pygments-2.15.1.tar.gz", hash = "sha256:8ace4d3c1dd481894b2005f560ead0f9f19ee64fe983366be1a21e171d12775c"},
]

[package.extras]
plugins = ["importlib-metadata"]

[[package]]
name = "pytest"
version = "7.3.2"
description = "pytest: simple powerful testing with Python"
optional = false
python-versions = ">=3.7"
files = [
    {file = "pytest-7.3.2-py3-none-any.whl", hash = "sha256:cdcbd012c9312258922f8cd3f1b62a6580fdced17db6014896053d47cddf9295"},
    {file = "pytest-7.3.2.tar.gz", hash = "sha256:ee990a3cc55ba808b80795a79944756f315c67c12b56abd3ac993a7b8c17030b"},
]

[package.dependencies]
colorama = {version = "*", markers = "sys_platform == \"win32\""}
iniconfig = "*"
packaging = "*"
pluggy = ">=0.12,<2.0"

[package.extras]
testing = ["argcomplete", "attrs (>=19.2.0)", "hypothesis (>=3.56)", "mock", "nose", "pygments (>=2.7.2)", "requests", "setuptools", "xmlschema"]

[[package]]
name = "pytest-mock"
version = "3.11.1"
description = "Thin-wrapper around the mock package for easier use with pytest"
optional = false
python-versions = ">=3.7"
files = [
    {file = "pytest-mock-3.11.1.tar.gz", hash = "sha256:7f6b125602ac6d743e523ae0bfa71e1a697a2f5534064528c6ff84c2f7c2fc7f"},
    {file = "pytest_mock-3.11.1-py3-none-any.whl", hash = "sha256:21c279fff83d70763b05f8874cc9cfb3fcacd6d354247a976f9529d19f9acf39"},
]

[package.dependencies]
pytest = ">=5.0"

[package.extras]
dev = ["pre-commit", "pytest-asyncio", "tox"]

[[package]]
name = "pyyaml"
version = "6.0"
description = "YAML parser and emitter for Python"
optional = false
python-versions = ">=3.6"
files = [
    {file = "PyYAML-6.0-cp310-cp310-macosx_10_9_x86_64.whl", hash = "sha256:d4db7c7aef085872ef65a8fd7d6d09a14ae91f691dec3e87ee5ee0539d516f53"},
    {file = "PyYAML-6.0-cp310-cp310-macosx_11_0_arm64.whl", hash = "sha256:9df7ed3b3d2e0ecfe09e14741b857df43adb5a3ddadc919a2d94fbdf78fea53c"},
    {file = "PyYAML-6.0-cp310-cp310-manylinux_2_17_aarch64.manylinux2014_aarch64.whl", hash = "sha256:77f396e6ef4c73fdc33a9157446466f1cff553d979bd00ecb64385760c6babdc"},
    {file = "PyYAML-6.0-cp310-cp310-manylinux_2_17_s390x.manylinux2014_s390x.whl", hash = "sha256:a80a78046a72361de73f8f395f1f1e49f956c6be882eed58505a15f3e430962b"},
    {file = "PyYAML-6.0-cp310-cp310-manylinux_2_5_x86_64.manylinux1_x86_64.manylinux_2_12_x86_64.manylinux2010_x86_64.whl", hash = "sha256:f84fbc98b019fef2ee9a1cb3ce93e3187a6df0b2538a651bfb890254ba9f90b5"},
    {file = "PyYAML-6.0-cp310-cp310-win32.whl", hash = "sha256:2cd5df3de48857ed0544b34e2d40e9fac445930039f3cfe4bcc592a1f836d513"},
    {file = "PyYAML-6.0-cp310-cp310-win_amd64.whl", hash = "sha256:daf496c58a8c52083df09b80c860005194014c3698698d1a57cbcfa182142a3a"},
    {file = "PyYAML-6.0-cp311-cp311-macosx_10_9_x86_64.whl", hash = "sha256:d4b0ba9512519522b118090257be113b9468d804b19d63c71dbcf4a48fa32358"},
    {file = "PyYAML-6.0-cp311-cp311-macosx_11_0_arm64.whl", hash = "sha256:81957921f441d50af23654aa6c5e5eaf9b06aba7f0a19c18a538dc7ef291c5a1"},
    {file = "PyYAML-6.0-cp311-cp311-manylinux_2_17_aarch64.manylinux2014_aarch64.whl", hash = "sha256:afa17f5bc4d1b10afd4466fd3a44dc0e245382deca5b3c353d8b757f9e3ecb8d"},
    {file = "PyYAML-6.0-cp311-cp311-manylinux_2_17_s390x.manylinux2014_s390x.whl", hash = "sha256:dbad0e9d368bb989f4515da330b88a057617d16b6a8245084f1b05400f24609f"},
    {file = "PyYAML-6.0-cp311-cp311-manylinux_2_17_x86_64.manylinux2014_x86_64.whl", hash = "sha256:432557aa2c09802be39460360ddffd48156e30721f5e8d917f01d31694216782"},
    {file = "PyYAML-6.0-cp311-cp311-win32.whl", hash = "sha256:bfaef573a63ba8923503d27530362590ff4f576c626d86a9fed95822a8255fd7"},
    {file = "PyYAML-6.0-cp311-cp311-win_amd64.whl", hash = "sha256:01b45c0191e6d66c470b6cf1b9531a771a83c1c4208272ead47a3ae4f2f603bf"},
    {file = "PyYAML-6.0-cp36-cp36m-macosx_10_9_x86_64.whl", hash = "sha256:897b80890765f037df3403d22bab41627ca8811ae55e9a722fd0392850ec4d86"},
    {file = "PyYAML-6.0-cp36-cp36m-manylinux_2_17_aarch64.manylinux2014_aarch64.whl", hash = "sha256:50602afada6d6cbfad699b0c7bb50d5ccffa7e46a3d738092afddc1f9758427f"},
    {file = "PyYAML-6.0-cp36-cp36m-manylinux_2_17_s390x.manylinux2014_s390x.whl", hash = "sha256:48c346915c114f5fdb3ead70312bd042a953a8ce5c7106d5bfb1a5254e47da92"},
    {file = "PyYAML-6.0-cp36-cp36m-manylinux_2_5_x86_64.manylinux1_x86_64.manylinux_2_12_x86_64.manylinux2010_x86_64.whl", hash = "sha256:98c4d36e99714e55cfbaaee6dd5badbc9a1ec339ebfc3b1f52e293aee6bb71a4"},
    {file = "PyYAML-6.0-cp36-cp36m-win32.whl", hash = "sha256:0283c35a6a9fbf047493e3a0ce8d79ef5030852c51e9d911a27badfde0605293"},
    {file = "PyYAML-6.0-cp36-cp36m-win_amd64.whl", hash = "sha256:07751360502caac1c067a8132d150cf3d61339af5691fe9e87803040dbc5db57"},
    {file = "PyYAML-6.0-cp37-cp37m-macosx_10_9_x86_64.whl", hash = "sha256:819b3830a1543db06c4d4b865e70ded25be52a2e0631ccd2f6a47a2822f2fd7c"},
    {file = "PyYAML-6.0-cp37-cp37m-manylinux_2_17_aarch64.manylinux2014_aarch64.whl", hash = "sha256:473f9edb243cb1935ab5a084eb238d842fb8f404ed2193a915d1784b5a6b5fc0"},
    {file = "PyYAML-6.0-cp37-cp37m-manylinux_2_17_s390x.manylinux2014_s390x.whl", hash = "sha256:0ce82d761c532fe4ec3f87fc45688bdd3a4c1dc5e0b4a19814b9009a29baefd4"},
    {file = "PyYAML-6.0-cp37-cp37m-manylinux_2_5_x86_64.manylinux1_x86_64.manylinux_2_12_x86_64.manylinux2010_x86_64.whl", hash = "sha256:231710d57adfd809ef5d34183b8ed1eeae3f76459c18fb4a0b373ad56bedcdd9"},
    {file = "PyYAML-6.0-cp37-cp37m-win32.whl", hash = "sha256:c5687b8d43cf58545ade1fe3e055f70eac7a5a1a0bf42824308d868289a95737"},
    {file = "PyYAML-6.0-cp37-cp37m-win_amd64.whl", hash = "sha256:d15a181d1ecd0d4270dc32edb46f7cb7733c7c508857278d3d378d14d606db2d"},
    {file = "PyYAML-6.0-cp38-cp38-macosx_10_9_x86_64.whl", hash = "sha256:0b4624f379dab24d3725ffde76559cff63d9ec94e1736b556dacdfebe5ab6d4b"},
    {file = "PyYAML-6.0-cp38-cp38-manylinux_2_17_aarch64.manylinux2014_aarch64.whl", hash = "sha256:213c60cd50106436cc818accf5baa1aba61c0189ff610f64f4a3e8c6726218ba"},
    {file = "PyYAML-6.0-cp38-cp38-manylinux_2_17_s390x.manylinux2014_s390x.whl", hash = "sha256:9fa600030013c4de8165339db93d182b9431076eb98eb40ee068700c9c813e34"},
    {file = "PyYAML-6.0-cp38-cp38-manylinux_2_5_x86_64.manylinux1_x86_64.manylinux_2_12_x86_64.manylinux2010_x86_64.whl", hash = "sha256:277a0ef2981ca40581a47093e9e2d13b3f1fbbeffae064c1d21bfceba2030287"},
    {file = "PyYAML-6.0-cp38-cp38-win32.whl", hash = "sha256:d4eccecf9adf6fbcc6861a38015c2a64f38b9d94838ac1810a9023a0609e1b78"},
    {file = "PyYAML-6.0-cp38-cp38-win_amd64.whl", hash = "sha256:1e4747bc279b4f613a09eb64bba2ba602d8a6664c6ce6396a4d0cd413a50ce07"},
    {file = "PyYAML-6.0-cp39-cp39-macosx_10_9_x86_64.whl", hash = "sha256:055d937d65826939cb044fc8c9b08889e8c743fdc6a32b33e2390f66013e449b"},
    {file = "PyYAML-6.0-cp39-cp39-macosx_11_0_arm64.whl", hash = "sha256:e61ceaab6f49fb8bdfaa0f92c4b57bcfbea54c09277b1b4f7ac376bfb7a7c174"},
    {file = "PyYAML-6.0-cp39-cp39-manylinux_2_17_aarch64.manylinux2014_aarch64.whl", hash = "sha256:d67d839ede4ed1b28a4e8909735fc992a923cdb84e618544973d7dfc71540803"},
    {file = "PyYAML-6.0-cp39-cp39-manylinux_2_17_s390x.manylinux2014_s390x.whl", hash = "sha256:cba8c411ef271aa037d7357a2bc8f9ee8b58b9965831d9e51baf703280dc73d3"},
    {file = "PyYAML-6.0-cp39-cp39-manylinux_2_5_x86_64.manylinux1_x86_64.manylinux_2_12_x86_64.manylinux2010_x86_64.whl", hash = "sha256:40527857252b61eacd1d9af500c3337ba8deb8fc298940291486c465c8b46ec0"},
    {file = "PyYAML-6.0-cp39-cp39-win32.whl", hash = "sha256:b5b9eccad747aabaaffbc6064800670f0c297e52c12754eb1d976c57e4f74dcb"},
    {file = "PyYAML-6.0-cp39-cp39-win_amd64.whl", hash = "sha256:b3d267842bf12586ba6c734f89d1f5b871df0273157918b0ccefa29deb05c21c"},
    {file = "PyYAML-6.0.tar.gz", hash = "sha256:68fb519c14306fec9720a2a5b45bc9f0c8d1b9c72adf45c37baedfcd949c35a2"},
]

[[package]]
name = "rich"
version = "13.4.2"
description = "Render rich text, tables, progress bars, syntax highlighting, markdown and more to the terminal"
optional = false
python-versions = ">=3.7.0"
files = [
    {file = "rich-13.4.2-py3-none-any.whl", hash = "sha256:8f87bc7ee54675732fa66a05ebfe489e27264caeeff3728c945d25971b6485ec"},
    {file = "rich-13.4.2.tar.gz", hash = "sha256:d653d6bccede5844304c605d5aac802c7cf9621efd700b46c7ec2b51ea914898"},
]

[package.dependencies]
markdown-it-py = ">=2.2.0"
pygments = ">=2.13.0,<3.0.0"

[package.extras]
jupyter = ["ipywidgets (>=7.5.1,<9)"]

[[package]]
name = "rich-click"
version = "1.6.1"
description = "Format click help output nicely with rich"
optional = false
python-versions = ">=3.7"
files = [
    {file = "rich-click-1.6.1.tar.gz", hash = "sha256:f8ff96693ec6e261d1544e9f7d9a5811c5ef5d74c8adb4978430fc0dac16777e"},
    {file = "rich_click-1.6.1-py3-none-any.whl", hash = "sha256:0fcf4d1a09029d79322dd814ab0b2e66ac183633037561881d45abae8a161d95"},
]

[package.dependencies]
click = ">=7"
rich = ">=10.7.0"

[package.extras]
dev = ["pre-commit"]

[[package]]
name = "ruff"
version = "0.0.272"
description = "An extremely fast Python linter, written in Rust."
optional = true
python-versions = ">=3.7"
files = [
    {file = "ruff-0.0.272-py3-none-macosx_10_7_x86_64.whl", hash = "sha256:ae9b57546e118660175d45d264b87e9b4c19405c75b587b6e4d21e6a17bf4fdf"},
    {file = "ruff-0.0.272-py3-none-macosx_10_9_x86_64.macosx_11_0_arm64.macosx_10_9_universal2.whl", hash = "sha256:1609b864a8d7ee75a8c07578bdea0a7db75a144404e75ef3162e0042bfdc100d"},
    {file = "ruff-0.0.272-py3-none-manylinux_2_17_aarch64.manylinux2014_aarch64.whl", hash = "sha256:ee76b4f05fcfff37bd6ac209d1370520d509ea70b5a637bdf0a04d0c99e13dff"},
    {file = "ruff-0.0.272-py3-none-manylinux_2_17_armv7l.manylinux2014_armv7l.whl", hash = "sha256:48eccf225615e106341a641f826b15224b8a4240b84269ead62f0afd6d7e2d95"},
    {file = "ruff-0.0.272-py3-none-manylinux_2_17_i686.manylinux2014_i686.whl", hash = "sha256:677284430ac539bb23421a2b431b4ebc588097ef3ef918d0e0a8d8ed31fea216"},
    {file = "ruff-0.0.272-py3-none-manylinux_2_17_ppc64.manylinux2014_ppc64.whl", hash = "sha256:9c4bfb75456a8e1efe14c52fcefb89cfb8f2a0d31ed8d804b82c6cf2dc29c42c"},
    {file = "ruff-0.0.272-py3-none-manylinux_2_17_ppc64le.manylinux2014_ppc64le.whl", hash = "sha256:86bc788245361a8148ff98667da938a01e1606b28a45e50ac977b09d3ad2c538"},
    {file = "ruff-0.0.272-py3-none-manylinux_2_17_s390x.manylinux2014_s390x.whl", hash = "sha256:27b2ea68d2aa69fff1b20b67636b1e3e22a6a39e476c880da1282c3e4bf6ee5a"},
    {file = "ruff-0.0.272-py3-none-manylinux_2_17_x86_64.manylinux2014_x86_64.whl", hash = "sha256:bd2bbe337a3f84958f796c77820d55ac2db1e6753f39d1d1baed44e07f13f96d"},
    {file = "ruff-0.0.272-py3-none-musllinux_1_2_aarch64.whl", hash = "sha256:d5a208f8ef0e51d4746930589f54f9f92f84bb69a7d15b1de34ce80a7681bc00"},
    {file = "ruff-0.0.272-py3-none-musllinux_1_2_armv7l.whl", hash = "sha256:905ff8f3d6206ad56fcd70674453527b9011c8b0dc73ead27618426feff6908e"},
    {file = "ruff-0.0.272-py3-none-musllinux_1_2_i686.whl", hash = "sha256:19643d448f76b1eb8a764719072e9c885968971bfba872e14e7257e08bc2f2b7"},
    {file = "ruff-0.0.272-py3-none-musllinux_1_2_x86_64.whl", hash = "sha256:691d72a00a99707a4e0b2846690961157aef7b17b6b884f6b4420a9f25cd39b5"},
    {file = "ruff-0.0.272-py3-none-win32.whl", hash = "sha256:dc406e5d756d932da95f3af082814d2467943631a587339ee65e5a4f4fbe83eb"},
    {file = "ruff-0.0.272-py3-none-win_amd64.whl", hash = "sha256:a37ec80e238ead2969b746d7d1b6b0d31aa799498e9ba4281ab505b93e1f4b28"},
    {file = "ruff-0.0.272-py3-none-win_arm64.whl", hash = "sha256:06b8ee4eb8711ab119db51028dd9f5384b44728c23586424fd6e241a5b9c4a3b"},
    {file = "ruff-0.0.272.tar.gz", hash = "sha256:273a01dc8c3c4fd4c2af7ea7a67c8d39bb09bce466e640dd170034da75d14cab"},
]

[[package]]
name = "setuptools"
version = "67.8.0"
description = "Easily download, build, install, upgrade, and uninstall Python packages"
optional = false
python-versions = ">=3.7"
files = [
    {file = "setuptools-67.8.0-py3-none-any.whl", hash = "sha256:5df61bf30bb10c6f756eb19e7c9f3b473051f48db77fddbe06ff2ca307df9a6f"},
    {file = "setuptools-67.8.0.tar.gz", hash = "sha256:62642358adc77ffa87233bc4d2354c4b2682d214048f500964dbe760ccedf102"},
]

[package.extras]
docs = ["furo", "jaraco.packaging (>=9)", "jaraco.tidelift (>=1.4)", "pygments-github-lexers (==0.0.5)", "rst.linker (>=1.9)", "sphinx (>=3.5)", "sphinx-favicon", "sphinx-hoverxref (<2)", "sphinx-inline-tabs", "sphinx-lint", "sphinx-notfound-page (==0.8.3)", "sphinx-reredirects", "sphinxcontrib-towncrier"]
testing = ["build[virtualenv]", "filelock (>=3.4.0)", "flake8-2020", "ini2toml[lite] (>=0.9)", "jaraco.envs (>=2.2)", "jaraco.path (>=3.2.0)", "pip (>=19.1)", "pip-run (>=8.8)", "pytest (>=6)", "pytest-black (>=0.3.7)", "pytest-checkdocs (>=2.4)", "pytest-cov", "pytest-enabler (>=1.3)", "pytest-mypy (>=0.9.1)", "pytest-perf", "pytest-ruff", "pytest-timeout", "pytest-xdist", "tomli-w (>=1.0.0)", "virtualenv (>=13.0.0)", "wheel"]
testing-integration = ["build[virtualenv]", "filelock (>=3.4.0)", "jaraco.envs (>=2.2)", "jaraco.path (>=3.2.0)", "pytest", "pytest-enabler", "pytest-xdist", "tomli", "virtualenv (>=13.0.0)", "wheel"]

[[package]]
name = "sniffio"
version = "1.3.0"
description = "Sniff out which async library your code is running under"
optional = false
python-versions = ">=3.7"
files = [
    {file = "sniffio-1.3.0-py3-none-any.whl", hash = "sha256:eecefdce1e5bbfb7ad2eeaabf7c1eeb404d7757c379bd1f7e5cce9d8bf425384"},
    {file = "sniffio-1.3.0.tar.gz", hash = "sha256:e60305c5e5d314f5389259b7f22aaa33d8f7dee49763119234af3755c55b9101"},
]

[[package]]
name = "tomli-w"
version = "1.0.0"
description = "A lil' TOML writer"
optional = false
python-versions = ">=3.7"
files = [
    {file = "tomli_w-1.0.0-py3-none-any.whl", hash = "sha256:9f2a07e8be30a0729e533ec968016807069991ae2fd921a78d42f429ae5f4463"},
    {file = "tomli_w-1.0.0.tar.gz", hash = "sha256:f463434305e0336248cac9c2dc8076b707d8a12d019dd349f5c1e382dd1ae1b9"},
]

[[package]]
name = "typing-extensions"
version = "4.6.3"
description = "Backported and Experimental Type Hints for Python 3.7+"
optional = false
python-versions = ">=3.7"
files = [
    {file = "typing_extensions-4.6.3-py3-none-any.whl", hash = "sha256:88a4153d8505aabbb4e13aacb7c486c2b4a33ca3b3f807914a9b4c844c471c26"},
    {file = "typing_extensions-4.6.3.tar.gz", hash = "sha256:d91d5919357fe7f681a9f2b5b4cb2a5f1ef0a1e9f59c4d8ff0d3491e05c0ffd5"},
]

[[package]]
name = "typing-inspect"
version = "0.9.0"
description = "Runtime inspection utilities for typing module."
optional = false
python-versions = "*"
files = [
    {file = "typing_inspect-0.9.0-py3-none-any.whl", hash = "sha256:9ee6fc59062311ef8547596ab6b955e1b8aa46242d854bfc78f4f6b0eff35f9f"},
    {file = "typing_inspect-0.9.0.tar.gz", hash = "sha256:b23fc42ff6f6ef6954e4852c1fb512cdd18dbea03134f91f856a95ccc9461f78"},
]

[package.dependencies]
mypy-extensions = ">=0.3.0"
typing-extensions = ">=3.7.4"

[[package]]
name = "virtualenv"
version = "20.23.1"
description = "Virtual Python Environment builder"
optional = false
python-versions = ">=3.7"
files = [
    {file = "virtualenv-20.23.1-py3-none-any.whl", hash = "sha256:34da10f14fea9be20e0fd7f04aba9732f84e593dac291b757ce42e3368a39419"},
    {file = "virtualenv-20.23.1.tar.gz", hash = "sha256:8ff19a38c1021c742148edc4f81cb43d7f8c6816d2ede2ab72af5b84c749ade1"},
]

[package.dependencies]
distlib = ">=0.3.6,<1"
filelock = ">=3.12,<4"
platformdirs = ">=3.5.1,<4"

[package.extras]
docs = ["furo (>=2023.5.20)", "proselint (>=0.13)", "sphinx (>=7.0.1)", "sphinx-argparse (>=0.4)", "sphinxcontrib-towncrier (>=0.2.1a0)", "towncrier (>=23.6)"]
test = ["covdefaults (>=2.3)", "coverage (>=7.2.7)", "coverage-enable-subprocess (>=1)", "flaky (>=3.7)", "packaging (>=23.1)", "pytest (>=7.3.1)", "pytest-env (>=0.8.1)", "pytest-freezer (>=0.4.6)", "pytest-mock (>=3.10)", "pytest-randomly (>=3.12)", "pytest-timeout (>=2.1)", "setuptools (>=67.8)", "time-machine (>=2.9)"]

[extras]
ruff = ["ruff"]

[metadata]
lock-version = "2.0"
python-versions = "^3.11"
content-hash = "e5baac0e5b04781a3a61f698c948a853181ed68d7c99911676335993364ae060"
